// !$*UTF8*$!
{
	archiveVersion = 1;
	classes = {
	};
	objectVersion = 50;
	objects = {

/* Begin PBXBuildFile section */
		96B11AC22684B439008FDE2A /* AppDelegate.swift in Sources */ = {isa = PBXBuildFile; fileRef = 96B11AC12684B439008FDE2A /* AppDelegate.swift */; };
		96B11AC42684B439008FDE2A /* GameScene.sks in Resources */ = {isa = PBXBuildFile; fileRef = 96B11AC32684B439008FDE2A /* GameScene.sks */; };
		96B11AC62684B439008FDE2A /* Actions.sks in Resources */ = {isa = PBXBuildFile; fileRef = 96B11AC52684B439008FDE2A /* Actions.sks */; };
		96B11AC82684B439008FDE2A /* GameScene.swift in Sources */ = {isa = PBXBuildFile; fileRef = 96B11AC72684B439008FDE2A /* GameScene.swift */; };
		96B11ACA2684B439008FDE2A /* GameViewController.swift in Sources */ = {isa = PBXBuildFile; fileRef = 96B11AC92684B439008FDE2A /* GameViewController.swift */; };
		96B11ACD2684B439008FDE2A /* Main.storyboard in Resources */ = {isa = PBXBuildFile; fileRef = 96B11ACB2684B439008FDE2A /* Main.storyboard */; };
		96B11ACF2684B43A008FDE2A /* Assets.xcassets in Resources */ = {isa = PBXBuildFile; fileRef = 96B11ACE2684B43A008FDE2A /* Assets.xcassets */; };
		96B11ADA2684B43A008FDE2A /* StickHeroTests.swift in Sources */ = {isa = PBXBuildFile; fileRef = 96B11AD92684B43A008FDE2A /* StickHeroTests.swift */; };
		96B11AE52684B43A008FDE2A /* StickHeroUITests.swift in Sources */ = {isa = PBXBuildFile; fileRef = 96B11AE42684B43A008FDE2A /* StickHeroUITests.swift */; };
/* End PBXBuildFile section */

/* Begin PBXContainerItemProxy section */
		96B11AD62684B43A008FDE2A /* PBXContainerItemProxy */ = {
			isa = PBXContainerItemProxy;
			containerPortal = 96B11AB62684B439008FDE2A /* Project object */;
			proxyType = 1;
			remoteGlobalIDString = 96B11ABD2684B439008FDE2A;
			remoteInfo = StickHero;
		};
		96B11AE12684B43A008FDE2A /* PBXContainerItemProxy */ = {
			isa = PBXContainerItemProxy;
			containerPortal = 96B11AB62684B439008FDE2A /* Project object */;
			proxyType = 1;
			remoteGlobalIDString = 96B11ABD2684B439008FDE2A;
			remoteInfo = StickHero;
		};
/* End PBXContainerItemProxy section */

/* Begin PBXFileReference section */
		96B11ABE2684B439008FDE2A /* StickHero.app */ = {isa = PBXFileReference; explicitFileType = wrapper.application; includeInIndex = 0; path = StickHero.app; sourceTree = BUILT_PRODUCTS_DIR; };
		96B11AC12684B439008FDE2A /* AppDelegate.swift */ = {isa = PBXFileReference; lastKnownFileType = sourcecode.swift; path = AppDelegate.swift; sourceTree = "<group>"; };
		96B11AC32684B439008FDE2A /* GameScene.sks */ = {isa = PBXFileReference; lastKnownFileType = file.sks; path = GameScene.sks; sourceTree = "<group>"; };
		96B11AC52684B439008FDE2A /* Actions.sks */ = {isa = PBXFileReference; lastKnownFileType = file.sks; path = Actions.sks; sourceTree = "<group>"; };
		96B11AC72684B439008FDE2A /* GameScene.swift */ = {isa = PBXFileReference; lastKnownFileType = sourcecode.swift; path = GameScene.swift; sourceTree = "<group>"; };
		96B11AC92684B439008FDE2A /* GameViewController.swift */ = {isa = PBXFileReference; lastKnownFileType = sourcecode.swift; path = GameViewController.swift; sourceTree = "<group>"; };
		96B11ACC2684B439008FDE2A /* Base */ = {isa = PBXFileReference; lastKnownFileType = file.storyboard; name = Base; path = Base.lproj/Main.storyboard; sourceTree = "<group>"; };
		96B11ACE2684B43A008FDE2A /* Assets.xcassets */ = {isa = PBXFileReference; lastKnownFileType = folder.assetcatalog; path = Assets.xcassets; sourceTree = "<group>"; };
		96B11AD02684B43A008FDE2A /* Info.plist */ = {isa = PBXFileReference; lastKnownFileType = text.plist.xml; path = Info.plist; sourceTree = "<group>"; };
		96B11AD52684B43A008FDE2A /* StickHeroTests.xctest */ = {isa = PBXFileReference; explicitFileType = wrapper.cfbundle; includeInIndex = 0; path = StickHeroTests.xctest; sourceTree = BUILT_PRODUCTS_DIR; };
		96B11AD92684B43A008FDE2A /* StickHeroTests.swift */ = {isa = PBXFileReference; lastKnownFileType = sourcecode.swift; path = StickHeroTests.swift; sourceTree = "<group>"; };
		96B11ADB2684B43A008FDE2A /* Info.plist */ = {isa = PBXFileReference; lastKnownFileType = text.plist.xml; path = Info.plist; sourceTree = "<group>"; };
		96B11AE02684B43A008FDE2A /* StickHeroUITests.xctest */ = {isa = PBXFileReference; explicitFileType = wrapper.cfbundle; includeInIndex = 0; path = StickHeroUITests.xctest; sourceTree = BUILT_PRODUCTS_DIR; };
		96B11AE42684B43A008FDE2A /* StickHeroUITests.swift */ = {isa = PBXFileReference; lastKnownFileType = sourcecode.swift; path = StickHeroUITests.swift; sourceTree = "<group>"; };
		96B11AE62684B43A008FDE2A /* Info.plist */ = {isa = PBXFileReference; lastKnownFileType = text.plist.xml; path = Info.plist; sourceTree = "<group>"; };
/* End PBXFileReference section */

/* Begin PBXFrameworksBuildPhase section */
		96B11ABB2684B439008FDE2A /* Frameworks */ = {
			isa = PBXFrameworksBuildPhase;
			buildActionMask = 2147483647;
			files = (
			);
			runOnlyForDeploymentPostprocessing = 0;
		};
		96B11AD22684B43A008FDE2A /* Frameworks */ = {
			isa = PBXFrameworksBuildPhase;
			buildActionMask = 2147483647;
			files = (
			);
			runOnlyForDeploymentPostprocessing = 0;
		};
		96B11ADD2684B43A008FDE2A /* Frameworks */ = {
			isa = PBXFrameworksBuildPhase;
			buildActionMask = 2147483647;
			files = (
			);
			runOnlyForDeploymentPostprocessing = 0;
		};
/* End PBXFrameworksBuildPhase section */

/* Begin PBXGroup section */
		96B11AB52684B439008FDE2A = {
			isa = PBXGroup;
			children = (
				96B11AC02684B439008FDE2A /* StickHero */,
				96B11AD82684B43A008FDE2A /* StickHeroTests */,
				96B11AE32684B43A008FDE2A /* StickHeroUITests */,
				96B11ABF2684B439008FDE2A /* Products */,
			);
			sourceTree = "<group>";
		};
		96B11ABF2684B439008FDE2A /* Products */ = {
			isa = PBXGroup;
			children = (
				96B11ABE2684B439008FDE2A /* StickHero.app */,
				96B11AD52684B43A008FDE2A /* StickHeroTests.xctest */,
				96B11AE02684B43A008FDE2A /* StickHeroUITests.xctest */,
			);
			name = Products;
			sourceTree = "<group>";
		};
		96B11AC02684B439008FDE2A /* StickHero */ = {
			isa = PBXGroup;
			children = (
				96B11AC12684B439008FDE2A /* AppDelegate.swift */,
				96B11AC32684B439008FDE2A /* GameScene.sks */,
				96B11AC52684B439008FDE2A /* Actions.sks */,
				96B11AC72684B439008FDE2A /* GameScene.swift */,
				96B11AC92684B439008FDE2A /* GameViewController.swift */,
				96B11ACB2684B439008FDE2A /* Main.storyboard */,
				96B11ACE2684B43A008FDE2A /* Assets.xcassets */,
				96B11AD02684B43A008FDE2A /* Info.plist */,
			);
			path = StickHero;
			sourceTree = "<group>";
		};
		96B11AD82684B43A008FDE2A /* StickHeroTests */ = {
			isa = PBXGroup;
			children = (
				96B11AD92684B43A008FDE2A /* StickHeroTests.swift */,
				96B11ADB2684B43A008FDE2A /* Info.plist */,
			);
			path = StickHeroTests;
			sourceTree = "<group>";
		};
		96B11AE32684B43A008FDE2A /* StickHeroUITests */ = {
			isa = PBXGroup;
			children = (
				96B11AE42684B43A008FDE2A /* StickHeroUITests.swift */,
				96B11AE62684B43A008FDE2A /* Info.plist */,
			);
			path = StickHeroUITests;
			sourceTree = "<group>";
		};
/* End PBXGroup section */

/* Begin PBXNativeTarget section */
		96B11ABD2684B439008FDE2A /* StickHero */ = {
			isa = PBXNativeTarget;
			buildConfigurationList = 96B11AE92684B43A008FDE2A /* Build configuration list for PBXNativeTarget "StickHero" */;
			buildPhases = (
				96B11ABA2684B439008FDE2A /* Sources */,
				96B11ABB2684B439008FDE2A /* Frameworks */,
				96B11ABC2684B439008FDE2A /* Resources */,
			);
			buildRules = (
			);
			dependencies = (
			);
			name = StickHero;
			productName = StickHero;
			productReference = 96B11ABE2684B439008FDE2A /* StickHero.app */;
			productType = "com.apple.product-type.application";
		};
		96B11AD42684B43A008FDE2A /* StickHeroTests */ = {
			isa = PBXNativeTarget;
			buildConfigurationList = 96B11AEC2684B43A008FDE2A /* Build configuration list for PBXNativeTarget "StickHeroTests" */;
			buildPhases = (
				96B11AD12684B43A008FDE2A /* Sources */,
				96B11AD22684B43A008FDE2A /* Frameworks */,
				96B11AD32684B43A008FDE2A /* Resources */,
			);
			buildRules = (
			);
			dependencies = (
				96B11AD72684B43A008FDE2A /* PBXTargetDependency */,
			);
			name = StickHeroTests;
			productName = StickHeroTests;
			productReference = 96B11AD52684B43A008FDE2A /* StickHeroTests.xctest */;
			productType = "com.apple.product-type.bundle.unit-test";
		};
		96B11ADF2684B43A008FDE2A /* StickHeroUITests */ = {
			isa = PBXNativeTarget;
			buildConfigurationList = 96B11AEF2684B43A008FDE2A /* Build configuration list for PBXNativeTarget "StickHeroUITests" */;
			buildPhases = (
				96B11ADC2684B43A008FDE2A /* Sources */,
				96B11ADD2684B43A008FDE2A /* Frameworks */,
				96B11ADE2684B43A008FDE2A /* Resources */,
			);
			buildRules = (
			);
			dependencies = (
				96B11AE22684B43A008FDE2A /* PBXTargetDependency */,
			);
			name = StickHeroUITests;
			productName = StickHeroUITests;
			productReference = 96B11AE02684B43A008FDE2A /* StickHeroUITests.xctest */;
			productType = "com.apple.product-type.bundle.ui-testing";
		};
/* End PBXNativeTarget section */

/* Begin PBXProject section */
		96B11AB62684B439008FDE2A /* Project object */ = {
			isa = PBXProject;
			attributes = {
				LastSwiftUpdateCheck = 1250;
				LastUpgradeCheck = 1250;
				TargetAttributes = {
					96B11ABD2684B439008FDE2A = {
						CreatedOnToolsVersion = 12.5;
					};
					96B11AD42684B43A008FDE2A = {
						CreatedOnToolsVersion = 12.5;
						TestTargetID = 96B11ABD2684B439008FDE2A;
					};
					96B11ADF2684B43A008FDE2A = {
						CreatedOnToolsVersion = 12.5;
						TestTargetID = 96B11ABD2684B439008FDE2A;
					};
				};
			};
			buildConfigurationList = 96B11AB92684B439008FDE2A /* Build configuration list for PBXProject "StickHero" */;
			compatibilityVersion = "Xcode 9.3";
			developmentRegion = en;
			hasScannedForEncodings = 0;
			knownRegions = (
				en,
				Base,
			);
			mainGroup = 96B11AB52684B439008FDE2A;
			productRefGroup = 96B11ABF2684B439008FDE2A /* Products */;
			projectDirPath = "";
			projectRoot = "";
			targets = (
				96B11ABD2684B439008FDE2A /* StickHero */,
				96B11AD42684B43A008FDE2A /* StickHeroTests */,
				96B11ADF2684B43A008FDE2A /* StickHeroUITests */,
			);
		};
/* End PBXProject section */

/* Begin PBXResourcesBuildPhase section */
		96B11ABC2684B439008FDE2A /* Resources */ = {
			isa = PBXResourcesBuildPhase;
			buildActionMask = 2147483647;
			files = (
				96B11ACD2684B439008FDE2A /* Main.storyboard in Resources */,
				96B11AC42684B439008FDE2A /* GameScene.sks in Resources */,
				96B11ACF2684B43A008FDE2A /* Assets.xcassets in Resources */,
				96B11AC62684B439008FDE2A /* Actions.sks in Resources */,
			);
			runOnlyForDeploymentPostprocessing = 0;
		};
		96B11AD32684B43A008FDE2A /* Resources */ = {
			isa = PBXResourcesBuildPhase;
			buildActionMask = 2147483647;
			files = (
			);
			runOnlyForDeploymentPostprocessing = 0;
		};
		96B11ADE2684B43A008FDE2A /* Resources */ = {
			isa = PBXResourcesBuildPhase;
			buildActionMask = 2147483647;
			files = (
			);
			runOnlyForDeploymentPostprocessing = 0;
		};
/* End PBXResourcesBuildPhase section */

/* Begin PBXSourcesBuildPhase section */
		96B11ABA2684B439008FDE2A /* Sources */ = {
			isa = PBXSourcesBuildPhase;
			buildActionMask = 2147483647;
			files = (
				96B11AC82684B439008FDE2A /* GameScene.swift in Sources */,
				96B11ACA2684B439008FDE2A /* GameViewController.swift in Sources */,
				96B11AC22684B439008FDE2A /* AppDelegate.swift in Sources */,
			);
			runOnlyForDeploymentPostprocessing = 0;
		};
		96B11AD12684B43A008FDE2A /* Sources */ = {
			isa = PBXSourcesBuildPhase;
			buildActionMask = 2147483647;
			files = (
				96B11ADA2684B43A008FDE2A /* StickHeroTests.swift in Sources */,
			);
			runOnlyForDeploymentPostprocessing = 0;
		};
		96B11ADC2684B43A008FDE2A /* Sources */ = {
			isa = PBXSourcesBuildPhase;
			buildActionMask = 2147483647;
			files = (
				96B11AE52684B43A008FDE2A /* StickHeroUITests.swift in Sources */,
			);
			runOnlyForDeploymentPostprocessing = 0;
		};
/* End PBXSourcesBuildPhase section */

/* Begin PBXTargetDependency section */
		96B11AD72684B43A008FDE2A /* PBXTargetDependency */ = {
			isa = PBXTargetDependency;
			target = 96B11ABD2684B439008FDE2A /* StickHero */;
			targetProxy = 96B11AD62684B43A008FDE2A /* PBXContainerItemProxy */;
		};
		96B11AE22684B43A008FDE2A /* PBXTargetDependency */ = {
			isa = PBXTargetDependency;
			target = 96B11ABD2684B439008FDE2A /* StickHero */;
			targetProxy = 96B11AE12684B43A008FDE2A /* PBXContainerItemProxy */;
		};
/* End PBXTargetDependency section */

/* Begin PBXVariantGroup section */
		96B11ACB2684B439008FDE2A /* Main.storyboard */ = {
			isa = PBXVariantGroup;
			children = (
				96B11ACC2684B439008FDE2A /* Base */,
			);
			name = Main.storyboard;
			sourceTree = "<group>";
		};
/* End PBXVariantGroup section */

/* Begin XCBuildConfiguration section */
		96B11AE72684B43A008FDE2A /* Debug */ = {
			isa = XCBuildConfiguration;
			buildSettings = {
				ALWAYS_SEARCH_USER_PATHS = NO;
				CLANG_ANALYZER_NONNULL = YES;
				CLANG_ANALYZER_NUMBER_OBJECT_CONVERSION = YES_AGGRESSIVE;
				CLANG_CXX_LANGUAGE_STANDARD = "gnu++14";
				CLANG_CXX_LIBRARY = "libc++";
				CLANG_ENABLE_MODULES = YES;
				CLANG_ENABLE_OBJC_ARC = YES;
				CLANG_ENABLE_OBJC_WEAK = YES;
				CLANG_WARN_BLOCK_CAPTURE_AUTORELEASING = YES;
				CLANG_WARN_BOOL_CONVERSION = YES;
				CLANG_WARN_COMMA = YES;
				CLANG_WARN_CONSTANT_CONVERSION = YES;
				CLANG_WARN_DEPRECATED_OBJC_IMPLEMENTATIONS = YES;
				CLANG_WARN_DIRECT_OBJC_ISA_USAGE = YES_ERROR;
				CLANG_WARN_DOCUMENTATION_COMMENTS = YES;
				CLANG_WARN_EMPTY_BODY = YES;
				CLANG_WARN_ENUM_CONVERSION = YES;
				CLANG_WARN_INFINITE_RECURSION = YES;
				CLANG_WARN_INT_CONVERSION = YES;
				CLANG_WARN_NON_LITERAL_NULL_CONVERSION = YES;
				CLANG_WARN_OBJC_IMPLICIT_RETAIN_SELF = YES;
				CLANG_WARN_OBJC_LITERAL_CONVERSION = YES;
				CLANG_WARN_OBJC_ROOT_CLASS = YES_ERROR;
				CLANG_WARN_QUOTED_INCLUDE_IN_FRAMEWORK_HEADER = YES;
				CLANG_WARN_RANGE_LOOP_ANALYSIS = YES;
				CLANG_WARN_STRICT_PROTOTYPES = YES;
				CLANG_WARN_SUSPICIOUS_MOVE = YES;
				CLANG_WARN_UNGUARDED_AVAILABILITY = YES_AGGRESSIVE;
				CLANG_WARN_UNREACHABLE_CODE = YES;
				CLANG_WARN__DUPLICATE_METHOD_MATCH = YES;
				COPY_PHASE_STRIP = NO;
				DEBUG_INFORMATION_FORMAT = dwarf;
				ENABLE_STRICT_OBJC_MSGSEND = YES;
				ENABLE_TESTABILITY = YES;
				GCC_C_LANGUAGE_STANDARD = gnu11;
				GCC_DYNAMIC_NO_PIC = NO;
				GCC_NO_COMMON_BLOCKS = YES;
				GCC_OPTIMIZATION_LEVEL = 0;
				GCC_PREPROCESSOR_DEFINITIONS = (
					"DEBUG=1",
					"$(inherited)",
				);
				GCC_WARN_64_TO_32_BIT_CONVERSION = YES;
				GCC_WARN_ABOUT_RETURN_TYPE = YES_ERROR;
				GCC_WARN_UNDECLARED_SELECTOR = YES;
				GCC_WARN_UNINITIALIZED_AUTOS = YES_AGGRESSIVE;
				GCC_WARN_UNUSED_FUNCTION = YES;
				GCC_WARN_UNUSED_VARIABLE = YES;
				IPHONEOS_DEPLOYMENT_TARGET = 14.5;
				MTL_ENABLE_DEBUG_INFO = INCLUDE_SOURCE;
				MTL_FAST_MATH = YES;
				ONLY_ACTIVE_ARCH = YES;
				SDKROOT = iphoneos;
				SWIFT_ACTIVE_COMPILATION_CONDITIONS = DEBUG;
				SWIFT_OPTIMIZATION_LEVEL = "-Onone";
			};
			name = Debug;
		};
		96B11AE82684B43A008FDE2A /* Release */ = {
			isa = XCBuildConfiguration;
			buildSettings = {
				ALWAYS_SEARCH_USER_PATHS = NO;
				CLANG_ANALYZER_NONNULL = YES;
				CLANG_ANALYZER_NUMBER_OBJECT_CONVERSION = YES_AGGRESSIVE;
				CLANG_CXX_LANGUAGE_STANDARD = "gnu++14";
				CLANG_CXX_LIBRARY = "libc++";
				CLANG_ENABLE_MODULES = YES;
				CLANG_ENABLE_OBJC_ARC = YES;
				CLANG_ENABLE_OBJC_WEAK = YES;
				CLANG_WARN_BLOCK_CAPTURE_AUTORELEASING = YES;
				CLANG_WARN_BOOL_CONVERSION = YES;
				CLANG_WARN_COMMA = YES;
				CLANG_WARN_CONSTANT_CONVERSION = YES;
				CLANG_WARN_DEPRECATED_OBJC_IMPLEMENTATIONS = YES;
				CLANG_WARN_DIRECT_OBJC_ISA_USAGE = YES_ERROR;
				CLANG_WARN_DOCUMENTATION_COMMENTS = YES;
				CLANG_WARN_EMPTY_BODY = YES;
				CLANG_WARN_ENUM_CONVERSION = YES;
				CLANG_WARN_INFINITE_RECURSION = YES;
				CLANG_WARN_INT_CONVERSION = YES;
				CLANG_WARN_NON_LITERAL_NULL_CONVERSION = YES;
				CLANG_WARN_OBJC_IMPLICIT_RETAIN_SELF = YES;
				CLANG_WARN_OBJC_LITERAL_CONVERSION = YES;
				CLANG_WARN_OBJC_ROOT_CLASS = YES_ERROR;
				CLANG_WARN_QUOTED_INCLUDE_IN_FRAMEWORK_HEADER = YES;
				CLANG_WARN_RANGE_LOOP_ANALYSIS = YES;
				CLANG_WARN_STRICT_PROTOTYPES = YES;
				CLANG_WARN_SUSPICIOUS_MOVE = YES;
				CLANG_WARN_UNGUARDED_AVAILABILITY = YES_AGGRESSIVE;
				CLANG_WARN_UNREACHABLE_CODE = YES;
				CLANG_WARN__DUPLICATE_METHOD_MATCH = YES;
				COPY_PHASE_STRIP = NO;
				DEBUG_INFORMATION_FORMAT = "dwarf-with-dsym";
				ENABLE_NS_ASSERTIONS = NO;
				ENABLE_STRICT_OBJC_MSGSEND = YES;
				GCC_C_LANGUAGE_STANDARD = gnu11;
				GCC_NO_COMMON_BLOCKS = YES;
				GCC_WARN_64_TO_32_BIT_CONVERSION = YES;
				GCC_WARN_ABOUT_RETURN_TYPE = YES_ERROR;
				GCC_WARN_UNDECLARED_SELECTOR = YES;
				GCC_WARN_UNINITIALIZED_AUTOS = YES_AGGRESSIVE;
				GCC_WARN_UNUSED_FUNCTION = YES;
				GCC_WARN_UNUSED_VARIABLE = YES;
				IPHONEOS_DEPLOYMENT_TARGET = 14.5;
				MTL_ENABLE_DEBUG_INFO = NO;
				MTL_FAST_MATH = YES;
				SDKROOT = iphoneos;
				SWIFT_COMPILATION_MODE = wholemodule;
				SWIFT_OPTIMIZATION_LEVEL = "-O";
				VALIDATE_PRODUCT = YES;
			};
			name = Release;
		};
		96B11AEA2684B43A008FDE2A /* Debug */ = {
			isa = XCBuildConfiguration;
			buildSettings = {
				ASSETCATALOG_COMPILER_APPICON_NAME = AppIcon;
				ASSETCATALOG_COMPILER_GLOBAL_ACCENT_COLOR_NAME = AccentColor;
				CODE_SIGN_STYLE = Automatic;
				DEVELOPMENT_TEAM = PLP3792JN4;
				INFOPLIST_FILE = StickHero/Info.plist;
				LD_RUNPATH_SEARCH_PATHS = (
					"$(inherited)",
					"@executable_path/Frameworks",
				);
				PRODUCT_BUNDLE_IDENTIFIER = com.dicoding.academy.StickHero;
				PRODUCT_NAME = "$(TARGET_NAME)";
				SWIFT_VERSION = 5.0;
				TARGETED_DEVICE_FAMILY = "1,2";
			};
			name = Debug;
		};
		96B11AEB2684B43A008FDE2A /* Release */ = {
			isa = XCBuildConfiguration;
			buildSettings = {
				ASSETCATALOG_COMPILER_APPICON_NAME = AppIcon;
				ASSETCATALOG_COMPILER_GLOBAL_ACCENT_COLOR_NAME = AccentColor;
				CODE_SIGN_STYLE = Automatic;
				DEVELOPMENT_TEAM = PLP3792JN4;
				INFOPLIST_FILE = StickHero/Info.plist;
				LD_RUNPATH_SEARCH_PATHS = (
					"$(inherited)",
					"@executable_path/Frameworks",
				);
				PRODUCT_BUNDLE_IDENTIFIER = com.dicoding.academy.StickHero;
				PRODUCT_NAME = "$(TARGET_NAME)";
				SWIFT_VERSION = 5.0;
				TARGETED_DEVICE_FAMILY = "1,2";
			};
			name = Release;
		};
		96B11AED2684B43A008FDE2A /* Debug */ = {
			isa = XCBuildConfiguration;
			buildSettings = {
				ALWAYS_EMBED_SWIFT_STANDARD_LIBRARIES = YES;
				BUNDLE_LOADER = "$(TEST_HOST)";
				CODE_SIGN_STYLE = Automatic;
				DEVELOPMENT_TEAM = PLP3792JN4;
				INFOPLIST_FILE = StickHeroTests/Info.plist;
				IPHONEOS_DEPLOYMENT_TARGET = 14.5;
				LD_RUNPATH_SEARCH_PATHS = (
					"$(inherited)",
					"@executable_path/Frameworks",
					"@loader_path/Frameworks",
				);
				PRODUCT_BUNDLE_IDENTIFIER = com.dicoding.academy.StickHeroTests;
				PRODUCT_NAME = "$(TARGET_NAME)";
				SWIFT_VERSION = 5.0;
				TARGETED_DEVICE_FAMILY = "1,2";
				TEST_HOST = "$(BUILT_PRODUCTS_DIR)/StickHero.app/StickHero";
			};
			name = Debug;
		};
		96B11AEE2684B43A008FDE2A /* Release */ = {
			isa = XCBuildConfiguration;
			buildSettings = {
				ALWAYS_EMBED_SWIFT_STANDARD_LIBRARIES = YES;
				BUNDLE_LOADER = "$(TEST_HOST)";
				CODE_SIGN_STYLE = Automatic;
				DEVELOPMENT_TEAM = PLP3792JN4;
				INFOPLIST_FILE = StickHeroTests/Info.plist;
				IPHONEOS_DEPLOYMENT_TARGET = 14.5;
				LD_RUNPATH_SEARCH_PATHS = (
					"$(inherited)",
					"@executable_path/Frameworks",
					"@loader_path/Frameworks",
				);
				PRODUCT_BUNDLE_IDENTIFIER = com.dicoding.academy.StickHeroTests;
				PRODUCT_NAME = "$(TARGET_NAME)";
				SWIFT_VERSION = 5.0;
				TARGETED_DEVICE_FAMILY = "1,2";
				TEST_HOST = "$(BUILT_PRODUCTS_DIR)/StickHero.app/StickHero";
			};
			name = Release;
		};
		96B11AF02684B43A008FDE2A /* Debug */ = {
			isa = XCBuildConfiguration;
			buildSettings = {
				ALWAYS_EMBED_SWIFT_STANDARD_LIBRARIES = YES;
				CODE_SIGN_STYLE = Automatic;
				DEVELOPMENT_TEAM = PLP3792JN4;
				INFOPLIST_FILE = StickHeroUITests/Info.plist;
				LD_RUNPATH_SEARCH_PATHS = (
					"$(inherited)",
					"@executable_path/Frameworks",
					"@loader_path/Frameworks",
				);
				PRODUCT_BUNDLE_IDENTIFIER = com.dicoding.academy.StickHeroUITests;
				PRODUCT_NAME = "$(TARGET_NAME)";
				SWIFT_VERSION = 5.0;
				TARGETED_DEVICE_FAMILY = "1,2";
				TEST_TARGET_NAME = StickHero;
			};
			name = Debug;
		};
		96B11AF12684B43A008FDE2A /* Release */ = {
			isa = XCBuildConfiguration;
			buildSettings = {
				ALWAYS_EMBED_SWIFT_STANDARD_LIBRARIES = YES;
				CODE_SIGN_STYLE = Automatic;
				DEVELOPMENT_TEAM = PLP3792JN4;
				INFOPLIST_FILE = StickHeroUITests/Info.plist;
				LD_RUNPATH_SEARCH_PATHS = (
					"$(inherited)",
					"@executable_path/Frameworks",
					"@loader_path/Frameworks",
				);
				PRODUCT_BUNDLE_IDENTIFIER = com.dicoding.academy.StickHeroUITests;
				PRODUCT_NAME = "$(TARGET_NAME)";
				SWIFT_VERSION = 5.0;
				TARGETED_DEVICE_FAMILY = "1,2";
				TEST_TARGET_NAME = StickHero;
			};
			name = Release;
		};
/* End XCBuildConfiguration section */

/* Begin XCConfigurationList section */
		96B11AB92684B439008FDE2A /* Build configuration list for PBXProject "StickHero" */ = {
			isa = XCConfigurationList;
			buildConfigurations = (
				96B11AE72684B43A008FDE2A /* Debug */,
				96B11AE82684B43A008FDE2A /* Release */,
			);
			defaultConfigurationIsVisible = 0;
			defaultConfigurationName = Release;
		};
		96B11AE92684B43A008FDE2A /* Build configuration list for PBXNativeTarget "StickHero" */ = {
			isa = XCConfigurationList;
			buildConfigurations = (
				96B11AEA2684B43A008FDE2A /* Debug */,
				96B11AEB2684B43A008FDE2A /* Release */,
			);
			defaultConfigurationIsVisible = 0;
			defaultConfigurationName = Release;
		};
		96B11AEC2684B43A008FDE2A /* Build configuration list for PBXNativeTarget "StickHeroTests" */ = {
			isa = XCConfigurationList;
			buildConfigurations = (
				96B11AED2684B43A008FDE2A /* Debug */,
				96B11AEE2684B43A008FDE2A /* Release */,
			);
			defaultConfigurationIsVisible = 0;
			defaultConfigurationName = Release;
		};
		96B11AEF2684B43A008FDE2A /* Build configuration list for PBXNativeTarget "StickHeroUITests" */ = {
			isa = XCConfigurationList;
			buildConfigurations = (
				96B11AF02684B43A008FDE2A /* Debug */,
				96B11AF12684B43A008FDE2A /* Release */,
			);
			defaultConfigurationIsVisible = 0;
			defaultConfigurationName = Release;
		};
/* End XCConfigurationList section */
	};
	rootObject = 96B11AB62684B439008FDE2A /* Project object */;
}
