// !$*UTF8*$!
{
	archiveVersion = 1;
	classes = {
	};
	objectVersion = 50;
	objects = {

/* Begin PBXBuildFile section */
		96A65726268745BE0067FD84 /* WeatherWithAPIApp.swift in Sources */ = {isa = PBXBuildFile; fileRef = 96A65725268745BE0067FD84 /* WeatherWithAPIApp.swift */; };
		96A65728268745BE0067FD84 /* WeatherView.swift in Sources */ = {isa = PBXBuildFile; fileRef = 96A65727268745BE0067FD84 /* WeatherView.swift */; };
		96A6572A268745C00067FD84 /* Assets.xcassets in Resources */ = {isa = PBXBuildFile; fileRef = 96A65729268745C00067FD84 /* Assets.xcassets */; };
		96A6572D268745C00067FD84 /* Preview Assets.xcassets in Resources */ = {isa = PBXBuildFile; fileRef = 96A6572C268745C00067FD84 /* Preview Assets.xcassets */; };
		96A65738268745C00067FD84 /* WeatherWithAPITests.swift in Sources */ = {isa = PBXBuildFile; fileRef = 96A65737268745C00067FD84 /* WeatherWithAPITests.swift */; };
		96A65743268745C00067FD84 /* WeatherWithAPIUITests.swift in Sources */ = {isa = PBXBuildFile; fileRef = 96A65742268745C00067FD84 /* WeatherWithAPIUITests.swift */; };
		96A65751268747B00067FD84 /* WeatherService.swift in Sources */ = {isa = PBXBuildFile; fileRef = 96A65750268747B00067FD84 /* WeatherService.swift */; };
		96A65753268749780067FD84 /* Weather.swift in Sources */ = {isa = PBXBuildFile; fileRef = 96A65752268749780067FD84 /* Weather.swift */; };
		96A657552687526F0067FD84 /* WeatherViewModel.swift in Sources */ = {isa = PBXBuildFile; fileRef = 96A657542687526F0067FD84 /* WeatherViewModel.swift */; };
/* End PBXBuildFile section */

/* Begin PBXContainerItemProxy section */
		96A65734268745C00067FD84 /* PBXContainerItemProxy */ = {
			isa = PBXContainerItemProxy;
			containerPortal = 96A6571A268745BE0067FD84 /* Project object */;
			proxyType = 1;
			remoteGlobalIDString = 96A65721268745BE0067FD84;
			remoteInfo = WeatherWithAPI;
		};
		96A6573F268745C00067FD84 /* PBXContainerItemProxy */ = {
			isa = PBXContainerItemProxy;
			containerPortal = 96A6571A268745BE0067FD84 /* Project object */;
			proxyType = 1;
			remoteGlobalIDString = 96A65721268745BE0067FD84;
			remoteInfo = WeatherWithAPI;
		};
/* End PBXContainerItemProxy section */

/* Begin PBXFileReference section */
		96A65722268745BE0067FD84 /* WeatherWithAPI.app */ = {isa = PBXFileReference; explicitFileType = wrapper.application; includeInIndex = 0; path = WeatherWithAPI.app; sourceTree = BUILT_PRODUCTS_DIR; };
		96A65725268745BE0067FD84 /* WeatherWithAPIApp.swift */ = {isa = PBXFileReference; lastKnownFileType = sourcecode.swift; path = WeatherWithAPIApp.swift; sourceTree = "<group>"; };
		96A65727268745BE0067FD84 /* WeatherView.swift */ = {isa = PBXFileReference; lastKnownFileType = sourcecode.swift; path = WeatherView.swift; sourceTree = "<group>"; };
		96A65729268745C00067FD84 /* Assets.xcassets */ = {isa = PBXFileReference; lastKnownFileType = folder.assetcatalog; path = Assets.xcassets; sourceTree = "<group>"; };
		96A6572C268745C00067FD84 /* Preview Assets.xcassets */ = {isa = PBXFileReference; lastKnownFileType = folder.assetcatalog; path = "Preview Assets.xcassets"; sourceTree = "<group>"; };
		96A6572E268745C00067FD84 /* Info.plist */ = {isa = PBXFileReference; lastKnownFileType = text.plist.xml; path = Info.plist; sourceTree = "<group>"; };
		96A65733268745C00067FD84 /* WeatherWithAPITests.xctest */ = {isa = PBXFileReference; explicitFileType = wrapper.cfbundle; includeInIndex = 0; path = WeatherWithAPITests.xctest; sourceTree = BUILT_PRODUCTS_DIR; };
		96A65737268745C00067FD84 /* WeatherWithAPITests.swift */ = {isa = PBXFileReference; lastKnownFileType = sourcecode.swift; path = WeatherWithAPITests.swift; sourceTree = "<group>"; };
		96A65739268745C00067FD84 /* Info.plist */ = {isa = PBXFileReference; lastKnownFileType = text.plist.xml; path = Info.plist; sourceTree = "<group>"; };
		96A6573E268745C00067FD84 /* WeatherWithAPIUITests.xctest */ = {isa = PBXFileReference; explicitFileType = wrapper.cfbundle; includeInIndex = 0; path = WeatherWithAPIUITests.xctest; sourceTree = BUILT_PRODUCTS_DIR; };
		96A65742268745C00067FD84 /* WeatherWithAPIUITests.swift */ = {isa = PBXFileReference; lastKnownFileType = sourcecode.swift; path = WeatherWithAPIUITests.swift; sourceTree = "<group>"; };
		96A65744268745C00067FD84 /* Info.plist */ = {isa = PBXFileReference; lastKnownFileType = text.plist.xml; path = Info.plist; sourceTree = "<group>"; };
		96A65750268747B00067FD84 /* WeatherService.swift */ = {isa = PBXFileReference; lastKnownFileType = sourcecode.swift; path = WeatherService.swift; sourceTree = "<group>"; };
		96A65752268749780067FD84 /* Weather.swift */ = {isa = PBXFileReference; lastKnownFileType = sourcecode.swift; path = Weather.swift; sourceTree = "<group>"; };
		96A657542687526F0067FD84 /* WeatherViewModel.swift */ = {isa = PBXFileReference; lastKnownFileType = sourcecode.swift; path = WeatherViewModel.swift; sourceTree = "<group>"; };
/* End PBXFileReference section */

/* Begin PBXFrameworksBuildPhase section */
		96A6571F268745BE0067FD84 /* Frameworks */ = {
			isa = PBXFrameworksBuildPhase;
			buildActionMask = 2147483647;
			files = (
			);
			runOnlyForDeploymentPostprocessing = 0;
		};
		96A65730268745C00067FD84 /* Frameworks */ = {
			isa = PBXFrameworksBuildPhase;
			buildActionMask = 2147483647;
			files = (
			);
			runOnlyForDeploymentPostprocessing = 0;
		};
		96A6573B268745C00067FD84 /* Frameworks */ = {
			isa = PBXFrameworksBuildPhase;
			buildActionMask = 2147483647;
			files = (
			);
			runOnlyForDeploymentPostprocessing = 0;
		};
/* End PBXFrameworksBuildPhase section */

/* Begin PBXGroup section */
		96A65719268745BE0067FD84 = {
			isa = PBXGroup;
			children = (
				96A65724268745BE0067FD84 /* WeatherWithAPI */,
				96A65736268745C00067FD84 /* WeatherWithAPITests */,
				96A65741268745C00067FD84 /* WeatherWithAPIUITests */,
				96A65723268745BE0067FD84 /* Products */,
			);
			sourceTree = "<group>";
		};
		96A65723268745BE0067FD84 /* Products */ = {
			isa = PBXGroup;
			children = (
				96A65722268745BE0067FD84 /* WeatherWithAPI.app */,
				96A65733268745C00067FD84 /* WeatherWithAPITests.xctest */,
				96A6573E268745C00067FD84 /* WeatherWithAPIUITests.xctest */,
			);
			name = Products;
			sourceTree = "<group>";
		};
		96A65724268745BE0067FD84 /* WeatherWithAPI */ = {
			isa = PBXGroup;
			children = (
				96A65725268745BE0067FD84 /* WeatherWithAPIApp.swift */,
				96A65750268747B00067FD84 /* WeatherService.swift */,
				96A657542687526F0067FD84 /* WeatherViewModel.swift */,
				96A65752268749780067FD84 /* Weather.swift */,
				96A65727268745BE0067FD84 /* WeatherView.swift */,
				96A65729268745C00067FD84 /* Assets.xcassets */,
				96A6572E268745C00067FD84 /* Info.plist */,
				96A6572B268745C00067FD84 /* Preview Content */,
			);
			path = WeatherWithAPI;
			sourceTree = "<group>";
		};
		96A6572B268745C00067FD84 /* Preview Content */ = {
			isa = PBXGroup;
			children = (
				96A6572C268745C00067FD84 /* Preview Assets.xcassets */,
			);
			path = "Preview Content";
			sourceTree = "<group>";
		};
		96A65736268745C00067FD84 /* WeatherWithAPITests */ = {
			isa = PBXGroup;
			children = (
				96A65737268745C00067FD84 /* WeatherWithAPITests.swift */,
				96A65739268745C00067FD84 /* Info.plist */,
			);
			path = WeatherWithAPITests;
			sourceTree = "<group>";
		};
		96A65741268745C00067FD84 /* WeatherWithAPIUITests */ = {
			isa = PBXGroup;
			children = (
				96A65742268745C00067FD84 /* WeatherWithAPIUITests.swift */,
				96A65744268745C00067FD84 /* Info.plist */,
			);
			path = WeatherWithAPIUITests;
			sourceTree = "<group>";
		};
/* End PBXGroup section */

/* Begin PBXNativeTarget section */
		96A65721268745BE0067FD84 /* WeatherWithAPI */ = {
			isa = PBXNativeTarget;
			buildConfigurationList = 96A65747268745C00067FD84 /* Build configuration list for PBXNativeTarget "WeatherWithAPI" */;
			buildPhases = (
				96A6571E268745BE0067FD84 /* Sources */,
				96A6571F268745BE0067FD84 /* Frameworks */,
				96A65720268745BE0067FD84 /* Resources */,
			);
			buildRules = (
			);
			dependencies = (
			);
			name = WeatherWithAPI;
			productName = WeatherWithAPI;
			productReference = 96A65722268745BE0067FD84 /* WeatherWithAPI.app */;
			productType = "com.apple.product-type.application";
		};
		96A65732268745C00067FD84 /* WeatherWithAPITests */ = {
			isa = PBXNativeTarget;
			buildConfigurationList = 96A6574A268745C00067FD84 /* Build configuration list for PBXNativeTarget "WeatherWithAPITests" */;
			buildPhases = (
				96A6572F268745C00067FD84 /* Sources */,
				96A65730268745C00067FD84 /* Frameworks */,
				96A65731268745C00067FD84 /* Resources */,
			);
			buildRules = (
			);
			dependencies = (
				96A65735268745C00067FD84 /* PBXTargetDependency */,
			);
			name = WeatherWithAPITests;
			productName = WeatherWithAPITests;
			productReference = 96A65733268745C00067FD84 /* WeatherWithAPITests.xctest */;
			productType = "com.apple.product-type.bundle.unit-test";
		};
		96A6573D268745C00067FD84 /* WeatherWithAPIUITests */ = {
			isa = PBXNativeTarget;
			buildConfigurationList = 96A6574D268745C00067FD84 /* Build configuration list for PBXNativeTarget "WeatherWithAPIUITests" */;
			buildPhases = (
				96A6573A268745C00067FD84 /* Sources */,
				96A6573B268745C00067FD84 /* Frameworks */,
				96A6573C268745C00067FD84 /* Resources */,
			);
			buildRules = (
			);
			dependencies = (
				96A65740268745C00067FD84 /* PBXTargetDependency */,
			);
			name = WeatherWithAPIUITests;
			productName = WeatherWithAPIUITests;
			productReference = 96A6573E268745C00067FD84 /* WeatherWithAPIUITests.xctest */;
			productType = "com.apple.product-type.bundle.ui-testing";
		};
/* End PBXNativeTarget section */

/* Begin PBXProject section */
		96A6571A268745BE0067FD84 /* Project object */ = {
			isa = PBXProject;
			attributes = {
				LastSwiftUpdateCheck = 1250;
				LastUpgradeCheck = 1250;
				TargetAttributes = {
					96A65721268745BE0067FD84 = {
						CreatedOnToolsVersion = 12.5;
					};
					96A65732268745C00067FD84 = {
						CreatedOnToolsVersion = 12.5;
						TestTargetID = 96A65721268745BE0067FD84;
					};
					96A6573D268745C00067FD84 = {
						CreatedOnToolsVersion = 12.5;
						TestTargetID = 96A65721268745BE0067FD84;
					};
				};
			};
			buildConfigurationList = 96A6571D268745BE0067FD84 /* Build configuration list for PBXProject "WeatherWithAPI" */;
			compatibilityVersion = "Xcode 9.3";
			developmentRegion = en;
			hasScannedForEncodings = 0;
			knownRegions = (
				en,
				Base,
			);
			mainGroup = 96A65719268745BE0067FD84;
			productRefGroup = 96A65723268745BE0067FD84 /* Products */;
			projectDirPath = "";
			projectRoot = "";
			targets = (
				96A65721268745BE0067FD84 /* WeatherWithAPI */,
				96A65732268745C00067FD84 /* WeatherWithAPITests */,
				96A6573D268745C00067FD84 /* WeatherWithAPIUITests */,
			);
		};
/* End PBXProject section */

/* Begin PBXResourcesBuildPhase section */
		96A65720268745BE0067FD84 /* Resources */ = {
			isa = PBXResourcesBuildPhase;
			buildActionMask = 2147483647;
			files = (
				96A6572D268745C00067FD84 /* Preview Assets.xcassets in Resources */,
				96A6572A268745C00067FD84 /* Assets.xcassets in Resources */,
			);
			runOnlyForDeploymentPostprocessing = 0;
		};
		96A65731268745C00067FD84 /* Resources */ = {
			isa = PBXResourcesBuildPhase;
			buildActionMask = 2147483647;
			files = (
			);
			runOnlyForDeploymentPostprocessing = 0;
		};
		96A6573C268745C00067FD84 /* Resources */ = {
			isa = PBXResourcesBuildPhase;
			buildActionMask = 2147483647;
			files = (
			);
			runOnlyForDeploymentPostprocessing = 0;
		};
/* End PBXResourcesBuildPhase section */

/* Begin PBXSourcesBuildPhase section */
		96A6571E268745BE0067FD84 /* Sources */ = {
			isa = PBXSourcesBuildPhase;
			buildActionMask = 2147483647;
			files = (
				96A657552687526F0067FD84 /* WeatherViewModel.swift in Sources */,
				96A65753268749780067FD84 /* Weather.swift in Sources */,
				96A65728268745BE0067FD84 /* WeatherView.swift in Sources */,
				96A65751268747B00067FD84 /* WeatherService.swift in Sources */,
				96A65726268745BE0067FD84 /* WeatherWithAPIApp.swift in Sources */,
			);
			runOnlyForDeploymentPostprocessing = 0;
		};
		96A6572F268745C00067FD84 /* Sources */ = {
			isa = PBXSourcesBuildPhase;
			buildActionMask = 2147483647;
			files = (
				96A65738268745C00067FD84 /* WeatherWithAPITests.swift in Sources */,
			);
			runOnlyForDeploymentPostprocessing = 0;
		};
		96A6573A268745C00067FD84 /* Sources */ = {
			isa = PBXSourcesBuildPhase;
			buildActionMask = 2147483647;
			files = (
				96A65743268745C00067FD84 /* WeatherWithAPIUITests.swift in Sources */,
			);
			runOnlyForDeploymentPostprocessing = 0;
		};
/* End PBXSourcesBuildPhase section */

/* Begin PBXTargetDependency section */
		96A65735268745C00067FD84 /* PBXTargetDependency */ = {
			isa = PBXTargetDependency;
			target = 96A65721268745BE0067FD84 /* WeatherWithAPI */;
			targetProxy = 96A65734268745C00067FD84 /* PBXContainerItemProxy */;
		};
		96A65740268745C00067FD84 /* PBXTargetDependency */ = {
			isa = PBXTargetDependency;
			target = 96A65721268745BE0067FD84 /* WeatherWithAPI */;
			targetProxy = 96A6573F268745C00067FD84 /* PBXContainerItemProxy */;
		};
/* End PBXTargetDependency section */

/* Begin XCBuildConfiguration section */
		96A65745268745C00067FD84 /* Debug */ = {
			isa = XCBuildConfiguration;
			buildSettings = {
				ALWAYS_SEARCH_USER_PATHS = NO;
				CLANG_ANALYZER_NONNULL = YES;
				CLANG_ANALYZER_NUMBER_OBJECT_CONVERSION = YES_AGGRESSIVE;
				CLANG_CXX_LANGUAGE_STANDARD = "gnu++14";
				CLANG_CXX_LIBRARY = "libc++";
				CLANG_ENABLE_MODULES = YES;
				CLANG_ENABLE_OBJC_ARC = YES;
				CLANG_ENABLE_OBJC_WEAK = YES;
				CLANG_WARN_BLOCK_CAPTURE_AUTORELEASING = YES;
				CLANG_WARN_BOOL_CONVERSION = YES;
				CLANG_WARN_COMMA = YES;
				CLANG_WARN_CONSTANT_CONVERSION = YES;
				CLANG_WARN_DEPRECATED_OBJC_IMPLEMENTATIONS = YES;
				CLANG_WARN_DIRECT_OBJC_ISA_USAGE = YES_ERROR;
				CLANG_WARN_DOCUMENTATION_COMMENTS = YES;
				CLANG_WARN_EMPTY_BODY = YES;
				CLANG_WARN_ENUM_CONVERSION = YES;
				CLANG_WARN_INFINITE_RECURSION = YES;
				CLANG_WARN_INT_CONVERSION = YES;
				CLANG_WARN_NON_LITERAL_NULL_CONVERSION = YES;
				CLANG_WARN_OBJC_IMPLICIT_RETAIN_SELF = YES;
				CLANG_WARN_OBJC_LITERAL_CONVERSION = YES;
				CLANG_WARN_OBJC_ROOT_CLASS = YES_ERROR;
				CLANG_WARN_QUOTED_INCLUDE_IN_FRAMEWORK_HEADER = YES;
				CLANG_WARN_RANGE_LOOP_ANALYSIS = YES;
				CLANG_WARN_STRICT_PROTOTYPES = YES;
				CLANG_WARN_SUSPICIOUS_MOVE = YES;
				CLANG_WARN_UNGUARDED_AVAILABILITY = YES_AGGRESSIVE;
				CLANG_WARN_UNREACHABLE_CODE = YES;
				CLANG_WARN__DUPLICATE_METHOD_MATCH = YES;
				COPY_PHASE_STRIP = NO;
				DEBUG_INFORMATION_FORMAT = dwarf;
				ENABLE_STRICT_OBJC_MSGSEND = YES;
				ENABLE_TESTABILITY = YES;
				GCC_C_LANGUAGE_STANDARD = gnu11;
				GCC_DYNAMIC_NO_PIC = NO;
				GCC_NO_COMMON_BLOCKS = YES;
				GCC_OPTIMIZATION_LEVEL = 0;
				GCC_PREPROCESSOR_DEFINITIONS = (
					"DEBUG=1",
					"$(inherited)",
				);
				GCC_WARN_64_TO_32_BIT_CONVERSION = YES;
				GCC_WARN_ABOUT_RETURN_TYPE = YES_ERROR;
				GCC_WARN_UNDECLARED_SELECTOR = YES;
				GCC_WARN_UNINITIALIZED_AUTOS = YES_AGGRESSIVE;
				GCC_WARN_UNUSED_FUNCTION = YES;
				GCC_WARN_UNUSED_VARIABLE = YES;
				IPHONEOS_DEPLOYMENT_TARGET = 14.5;
				MTL_ENABLE_DEBUG_INFO = INCLUDE_SOURCE;
				MTL_FAST_MATH = YES;
				ONLY_ACTIVE_ARCH = YES;
				SDKROOT = iphoneos;
				SWIFT_ACTIVE_COMPILATION_CONDITIONS = DEBUG;
				SWIFT_OPTIMIZATION_LEVEL = "-Onone";
			};
			name = Debug;
		};
		96A65746268745C00067FD84 /* Release */ = {
			isa = XCBuildConfiguration;
			buildSettings = {
				ALWAYS_SEARCH_USER_PATHS = NO;
				CLANG_ANALYZER_NONNULL = YES;
				CLANG_ANALYZER_NUMBER_OBJECT_CONVERSION = YES_AGGRESSIVE;
				CLANG_CXX_LANGUAGE_STANDARD = "gnu++14";
				CLANG_CXX_LIBRARY = "libc++";
				CLANG_ENABLE_MODULES = YES;
				CLANG_ENABLE_OBJC_ARC = YES;
				CLANG_ENABLE_OBJC_WEAK = YES;
				CLANG_WARN_BLOCK_CAPTURE_AUTORELEASING = YES;
				CLANG_WARN_BOOL_CONVERSION = YES;
				CLANG_WARN_COMMA = YES;
				CLANG_WARN_CONSTANT_CONVERSION = YES;
				CLANG_WARN_DEPRECATED_OBJC_IMPLEMENTATIONS = YES;
				CLANG_WARN_DIRECT_OBJC_ISA_USAGE = YES_ERROR;
				CLANG_WARN_DOCUMENTATION_COMMENTS = YES;
				CLANG_WARN_EMPTY_BODY = YES;
				CLANG_WARN_ENUM_CONVERSION = YES;
				CLANG_WARN_INFINITE_RECURSION = YES;
				CLANG_WARN_INT_CONVERSION = YES;
				CLANG_WARN_NON_LITERAL_NULL_CONVERSION = YES;
				CLANG_WARN_OBJC_IMPLICIT_RETAIN_SELF = YES;
				CLANG_WARN_OBJC_LITERAL_CONVERSION = YES;
				CLANG_WARN_OBJC_ROOT_CLASS = YES_ERROR;
				CLANG_WARN_QUOTED_INCLUDE_IN_FRAMEWORK_HEADER = YES;
				CLANG_WARN_RANGE_LOOP_ANALYSIS = YES;
				CLANG_WARN_STRICT_PROTOTYPES = YES;
				CLANG_WARN_SUSPICIOUS_MOVE = YES;
				CLANG_WARN_UNGUARDED_AVAILABILITY = YES_AGGRESSIVE;
				CLANG_WARN_UNREACHABLE_CODE = YES;
				CLANG_WARN__DUPLICATE_METHOD_MATCH = YES;
				COPY_PHASE_STRIP = NO;
				DEBUG_INFORMATION_FORMAT = "dwarf-with-dsym";
				ENABLE_NS_ASSERTIONS = NO;
				ENABLE_STRICT_OBJC_MSGSEND = YES;
				GCC_C_LANGUAGE_STANDARD = gnu11;
				GCC_NO_COMMON_BLOCKS = YES;
				GCC_WARN_64_TO_32_BIT_CONVERSION = YES;
				GCC_WARN_ABOUT_RETURN_TYPE = YES_ERROR;
				GCC_WARN_UNDECLARED_SELECTOR = YES;
				GCC_WARN_UNINITIALIZED_AUTOS = YES_AGGRESSIVE;
				GCC_WARN_UNUSED_FUNCTION = YES;
				GCC_WARN_UNUSED_VARIABLE = YES;
				IPHONEOS_DEPLOYMENT_TARGET = 14.5;
				MTL_ENABLE_DEBUG_INFO = NO;
				MTL_FAST_MATH = YES;
				SDKROOT = iphoneos;
				SWIFT_COMPILATION_MODE = wholemodule;
				SWIFT_OPTIMIZATION_LEVEL = "-O";
				VALIDATE_PRODUCT = YES;
			};
			name = Release;
		};
		96A65748268745C00067FD84 /* Debug */ = {
			isa = XCBuildConfiguration;
			buildSettings = {
				ASSETCATALOG_COMPILER_APPICON_NAME = AppIcon;
				ASSETCATALOG_COMPILER_GLOBAL_ACCENT_COLOR_NAME = AccentColor;
				CODE_SIGN_STYLE = Automatic;
				DEVELOPMENT_ASSET_PATHS = "\"WeatherWithAPI/Preview Content\"";
				DEVELOPMENT_TEAM = PLP3792JN4;
				ENABLE_PREVIEWS = YES;
				INFOPLIST_FILE = WeatherWithAPI/Info.plist;
				IPHONEOS_DEPLOYMENT_TARGET = 14.0;
				LD_RUNPATH_SEARCH_PATHS = (
					"$(inherited)",
					"@executable_path/Frameworks",
				);
				PRODUCT_BUNDLE_IDENTIFIER = com.dicoding.academy.WeatherWithAPI;
				PRODUCT_NAME = "$(TARGET_NAME)";
				SWIFT_VERSION = 5.0;
				TARGETED_DEVICE_FAMILY = "1,2";
			};
			name = Debug;
		};
		96A65749268745C00067FD84 /* Release */ = {
			isa = XCBuildConfiguration;
			buildSettings = {
				ASSETCATALOG_COMPILER_APPICON_NAME = AppIcon;
				ASSETCATALOG_COMPILER_GLOBAL_ACCENT_COLOR_NAME = AccentColor;
				CODE_SIGN_STYLE = Automatic;
				DEVELOPMENT_ASSET_PATHS = "\"WeatherWithAPI/Preview Content\"";
				DEVELOPMENT_TEAM = PLP3792JN4;
				ENABLE_PREVIEWS = YES;
				INFOPLIST_FILE = WeatherWithAPI/Info.plist;
				IPHONEOS_DEPLOYMENT_TARGET = 14.0;
				LD_RUNPATH_SEARCH_PATHS = (
					"$(inherited)",
					"@executable_path/Frameworks",
				);
				PRODUCT_BUNDLE_IDENTIFIER = com.dicoding.academy.WeatherWithAPI;
				PRODUCT_NAME = "$(TARGET_NAME)";
				SWIFT_VERSION = 5.0;
				TARGETED_DEVICE_FAMILY = "1,2";
			};
			name = Release;
		};
		96A6574B268745C00067FD84 /* Debug */ = {
			isa = XCBuildConfiguration;
			buildSettings = {
				ALWAYS_EMBED_SWIFT_STANDARD_LIBRARIES = YES;
				BUNDLE_LOADER = "$(TEST_HOST)";
				CODE_SIGN_STYLE = Automatic;
				DEVELOPMENT_TEAM = PLP3792JN4;
				INFOPLIST_FILE = WeatherWithAPITests/Info.plist;
				IPHONEOS_DEPLOYMENT_TARGET = 14.0;
				LD_RUNPATH_SEARCH_PATHS = (
					"$(inherited)",
					"@executable_path/Frameworks",
					"@loader_path/Frameworks",
				);
				PRODUCT_BUNDLE_IDENTIFIER = com.dicoding.academy.WeatherWithAPITests;
				PRODUCT_NAME = "$(TARGET_NAME)";
				SWIFT_VERSION = 5.0;
				TARGETED_DEVICE_FAMILY = "1,2";
				TEST_HOST = "$(BUILT_PRODUCTS_DIR)/WeatherWithAPI.app/WeatherWithAPI";
			};
			name = Debug;
		};
		96A6574C268745C00067FD84 /* Release */ = {
			isa = XCBuildConfiguration;
			buildSettings = {
				ALWAYS_EMBED_SWIFT_STANDARD_LIBRARIES = YES;
				BUNDLE_LOADER = "$(TEST_HOST)";
				CODE_SIGN_STYLE = Automatic;
				DEVELOPMENT_TEAM = PLP3792JN4;
				INFOPLIST_FILE = WeatherWithAPITests/Info.plist;
				IPHONEOS_DEPLOYMENT_TARGET = 14.0;
				LD_RUNPATH_SEARCH_PATHS = (
					"$(inherited)",
					"@executable_path/Frameworks",
					"@loader_path/Frameworks",
				);
				PRODUCT_BUNDLE_IDENTIFIER = com.dicoding.academy.WeatherWithAPITests;
				PRODUCT_NAME = "$(TARGET_NAME)";
				SWIFT_VERSION = 5.0;
				TARGETED_DEVICE_FAMILY = "1,2";
				TEST_HOST = "$(BUILT_PRODUCTS_DIR)/WeatherWithAPI.app/WeatherWithAPI";
			};
			name = Release;
		};
		96A6574E268745C00067FD84 /* Debug */ = {
			isa = XCBuildConfiguration;
			buildSettings = {
				ALWAYS_EMBED_SWIFT_STANDARD_LIBRARIES = YES;
				CODE_SIGN_STYLE = Automatic;
				DEVELOPMENT_TEAM = PLP3792JN4;
				INFOPLIST_FILE = WeatherWithAPIUITests/Info.plist;
				LD_RUNPATH_SEARCH_PATHS = (
					"$(inherited)",
					"@executable_path/Frameworks",
					"@loader_path/Frameworks",
				);
				PRODUCT_BUNDLE_IDENTIFIER = com.dicoding.academy.WeatherWithAPIUITests;
				PRODUCT_NAME = "$(TARGET_NAME)";
				SWIFT_VERSION = 5.0;
				TARGETED_DEVICE_FAMILY = "1,2";
				TEST_TARGET_NAME = WeatherWithAPI;
			};
			name = Debug;
		};
		96A6574F268745C00067FD84 /* Release */ = {
			isa = XCBuildConfiguration;
			buildSettings = {
				ALWAYS_EMBED_SWIFT_STANDARD_LIBRARIES = YES;
				CODE_SIGN_STYLE = Automatic;
				DEVELOPMENT_TEAM = PLP3792JN4;
				INFOPLIST_FILE = WeatherWithAPIUITests/Info.plist;
				LD_RUNPATH_SEARCH_PATHS = (
					"$(inherited)",
					"@executable_path/Frameworks",
					"@loader_path/Frameworks",
				);
				PRODUCT_BUNDLE_IDENTIFIER = com.dicoding.academy.WeatherWithAPIUITests;
				PRODUCT_NAME = "$(TARGET_NAME)";
				SWIFT_VERSION = 5.0;
				TARGETED_DEVICE_FAMILY = "1,2";
				TEST_TARGET_NAME = WeatherWithAPI;
			};
			name = Release;
		};
/* End XCBuildConfiguration section */

/* Begin XCConfigurationList section */
		96A6571D268745BE0067FD84 /* Build configuration list for PBXProject "WeatherWithAPI" */ = {
			isa = XCConfigurationList;
			buildConfigurations = (
				96A65745268745C00067FD84 /* Debug */,
				96A65746268745C00067FD84 /* Release */,
			);
			defaultConfigurationIsVisible = 0;
			defaultConfigurationName = Release;
		};
		96A65747268745C00067FD84 /* Build configuration list for PBXNativeTarget "WeatherWithAPI" */ = {
			isa = XCConfigurationList;
			buildConfigurations = (
				96A65748268745C00067FD84 /* Debug */,
				96A65749268745C00067FD84 /* Release */,
			);
			defaultConfigurationIsVisible = 0;
			defaultConfigurationName = Release;
		};
		96A6574A268745C00067FD84 /* Build configuration list for PBXNativeTarget "WeatherWithAPITests" */ = {
			isa = XCConfigurationList;
			buildConfigurations = (
				96A6574B268745C00067FD84 /* Debug */,
				96A6574C268745C00067FD84 /* Release */,
			);
			defaultConfigurationIsVisible = 0;
			defaultConfigurationName = Release;
		};
		96A6574D268745C00067FD84 /* Build configuration list for PBXNativeTarget "WeatherWithAPIUITests" */ = {
			isa = XCConfigurationList;
			buildConfigurations = (
				96A6574E268745C00067FD84 /* Debug */,
				96A6574F268745C00067FD84 /* Release */,
			);
			defaultConfigurationIsVisible = 0;
			defaultConfigurationName = Release;
		};
/* End XCConfigurationList section */
	};
	rootObject = 96A6571A268745BE0067FD84 /* Project object */;
}
