// !$*UTF8*$!
{
	archiveVersion = 1;
	classes = {
	};
	objectVersion = 50;
	objects = {

/* Begin PBXBuildFile section */
		96E81D612663B295006E7313 /* SwiftLessonApp.swift in Sources */ = {isa = PBXBuildFile; fileRef = 96E81D602663B295006E7313 /* SwiftLessonApp.swift */; };
		96E81D632663B295006E7313 /* ContentView.swift in Sources */ = {isa = PBXBuildFile; fileRef = 96E81D622663B295006E7313 /* ContentView.swift */; };
		96E81D652663B297006E7313 /* Assets.xcassets in Resources */ = {isa = PBXBuildFile; fileRef = 96E81D642663B297006E7313 /* Assets.xcassets */; };
		96E81D682663B297006E7313 /* Preview Assets.xcassets in Resources */ = {isa = PBXBuildFile; fileRef = 96E81D672663B297006E7313 /* Preview Assets.xcassets */; };
		96E81D732663B297006E7313 /* SwiftLessonTests.swift in Sources */ = {isa = PBXBuildFile; fileRef = 96E81D722663B297006E7313 /* SwiftLessonTests.swift */; };
		96E81D7E2663B297006E7313 /* SwiftLessonUITests.swift in Sources */ = {isa = PBXBuildFile; fileRef = 96E81D7D2663B297006E7313 /* SwiftLessonUITests.swift */; };
/* End PBXBuildFile section */

/* Begin PBXContainerItemProxy section */
		96E81D6F2663B297006E7313 /* PBXContainerItemProxy */ = {
			isa = PBXContainerItemProxy;
			containerPortal = 96E81D552663B295006E7313 /* Project object */;
			proxyType = 1;
			remoteGlobalIDString = 96E81D5C2663B295006E7313;
			remoteInfo = SwiftLesson;
		};
		96E81D7A2663B297006E7313 /* PBXContainerItemProxy */ = {
			isa = PBXContainerItemProxy;
			containerPortal = 96E81D552663B295006E7313 /* Project object */;
			proxyType = 1;
			remoteGlobalIDString = 96E81D5C2663B295006E7313;
			remoteInfo = SwiftLesson;
		};
/* End PBXContainerItemProxy section */

/* Begin PBXFileReference section */
		96E81D5D2663B295006E7313 /* SwiftLesson.app */ = {isa = PBXFileReference; explicitFileType = wrapper.application; includeInIndex = 0; path = SwiftLesson.app; sourceTree = BUILT_PRODUCTS_DIR; };
		96E81D602663B295006E7313 /* SwiftLessonApp.swift */ = {isa = PBXFileReference; lastKnownFileType = sourcecode.swift; path = SwiftLessonApp.swift; sourceTree = "<group>"; };
		96E81D622663B295006E7313 /* ContentView.swift */ = {isa = PBXFileReference; lastKnownFileType = sourcecode.swift; path = ContentView.swift; sourceTree = "<group>"; };
		96E81D642663B297006E7313 /* Assets.xcassets */ = {isa = PBXFileReference; lastKnownFileType = folder.assetcatalog; path = Assets.xcassets; sourceTree = "<group>"; };
		96E81D672663B297006E7313 /* Preview Assets.xcassets */ = {isa = PBXFileReference; lastKnownFileType = folder.assetcatalog; path = "Preview Assets.xcassets"; sourceTree = "<group>"; };
		96E81D692663B297006E7313 /* Info.plist */ = {isa = PBXFileReference; lastKnownFileType = text.plist.xml; path = Info.plist; sourceTree = "<group>"; };
		96E81D6E2663B297006E7313 /* SwiftLessonTests.xctest */ = {isa = PBXFileReference; explicitFileType = wrapper.cfbundle; includeInIndex = 0; path = SwiftLessonTests.xctest; sourceTree = BUILT_PRODUCTS_DIR; };
		96E81D722663B297006E7313 /* SwiftLessonTests.swift */ = {isa = PBXFileReference; lastKnownFileType = sourcecode.swift; path = SwiftLessonTests.swift; sourceTree = "<group>"; };
		96E81D742663B297006E7313 /* Info.plist */ = {isa = PBXFileReference; lastKnownFileType = text.plist.xml; path = Info.plist; sourceTree = "<group>"; };
		96E81D792663B297006E7313 /* SwiftLessonUITests.xctest */ = {isa = PBXFileReference; explicitFileType = wrapper.cfbundle; includeInIndex = 0; path = SwiftLessonUITests.xctest; sourceTree = BUILT_PRODUCTS_DIR; };
		96E81D7D2663B297006E7313 /* SwiftLessonUITests.swift */ = {isa = PBXFileReference; lastKnownFileType = sourcecode.swift; path = SwiftLessonUITests.swift; sourceTree = "<group>"; };
		96E81D7F2663B297006E7313 /* Info.plist */ = {isa = PBXFileReference; lastKnownFileType = text.plist.xml; path = Info.plist; sourceTree = "<group>"; };
/* End PBXFileReference section */

/* Begin PBXFrameworksBuildPhase section */
		96E81D5A2663B295006E7313 /* Frameworks */ = {
			isa = PBXFrameworksBuildPhase;
			buildActionMask = 2147483647;
			files = (
			);
			runOnlyForDeploymentPostprocessing = 0;
		};
		96E81D6B2663B297006E7313 /* Frameworks */ = {
			isa = PBXFrameworksBuildPhase;
			buildActionMask = 2147483647;
			files = (
			);
			runOnlyForDeploymentPostprocessing = 0;
		};
		96E81D762663B297006E7313 /* Frameworks */ = {
			isa = PBXFrameworksBuildPhase;
			buildActionMask = 2147483647;
			files = (
			);
			runOnlyForDeploymentPostprocessing = 0;
		};
/* End PBXFrameworksBuildPhase section */

/* Begin PBXGroup section */
		96E81D542663B295006E7313 = {
			isa = PBXGroup;
			children = (
				96E81D5F2663B295006E7313 /* SwiftLesson */,
				96E81D712663B297006E7313 /* SwiftLessonTests */,
				96E81D7C2663B297006E7313 /* SwiftLessonUITests */,
				96E81D5E2663B295006E7313 /* Products */,
			);
			sourceTree = "<group>";
		};
		96E81D5E2663B295006E7313 /* Products */ = {
			isa = PBXGroup;
			children = (
				96E81D5D2663B295006E7313 /* SwiftLesson.app */,
				96E81D6E2663B297006E7313 /* SwiftLessonTests.xctest */,
				96E81D792663B297006E7313 /* SwiftLessonUITests.xctest */,
			);
			name = Products;
			sourceTree = "<group>";
		};
		96E81D5F2663B295006E7313 /* SwiftLesson */ = {
			isa = PBXGroup;
			children = (
				96E81D602663B295006E7313 /* SwiftLessonApp.swift */,
				96E81D622663B295006E7313 /* ContentView.swift */,
				96E81D642663B297006E7313 /* Assets.xcassets */,
				96E81D692663B297006E7313 /* Info.plist */,
				96E81D662663B297006E7313 /* Preview Content */,
			);
			path = SwiftLesson;
			sourceTree = "<group>";
		};
		96E81D662663B297006E7313 /* Preview Content */ = {
			isa = PBXGroup;
			children = (
				96E81D672663B297006E7313 /* Preview Assets.xcassets */,
			);
			path = "Preview Content";
			sourceTree = "<group>";
		};
		96E81D712663B297006E7313 /* SwiftLessonTests */ = {
			isa = PBXGroup;
			children = (
				96E81D722663B297006E7313 /* SwiftLessonTests.swift */,
				96E81D742663B297006E7313 /* Info.plist */,
			);
			path = SwiftLessonTests;
			sourceTree = "<group>";
		};
		96E81D7C2663B297006E7313 /* SwiftLessonUITests */ = {
			isa = PBXGroup;
			children = (
				96E81D7D2663B297006E7313 /* SwiftLessonUITests.swift */,
				96E81D7F2663B297006E7313 /* Info.plist */,
			);
			path = SwiftLessonUITests;
			sourceTree = "<group>";
		};
/* End PBXGroup section */

/* Begin PBXNativeTarget section */
		96E81D5C2663B295006E7313 /* SwiftLesson */ = {
			isa = PBXNativeTarget;
			buildConfigurationList = 96E81D822663B297006E7313 /* Build configuration list for PBXNativeTarget "SwiftLesson" */;
			buildPhases = (
				96E81D592663B295006E7313 /* Sources */,
				96E81D5A2663B295006E7313 /* Frameworks */,
				96E81D5B2663B295006E7313 /* Resources */,
			);
			buildRules = (
			);
			dependencies = (
			);
			name = SwiftLesson;
			productName = SwiftLesson;
			productReference = 96E81D5D2663B295006E7313 /* SwiftLesson.app */;
			productType = "com.apple.product-type.application";
		};
		96E81D6D2663B297006E7313 /* SwiftLessonTests */ = {
			isa = PBXNativeTarget;
			buildConfigurationList = 96E81D852663B297006E7313 /* Build configuration list for PBXNativeTarget "SwiftLessonTests" */;
			buildPhases = (
				96E81D6A2663B297006E7313 /* Sources */,
				96E81D6B2663B297006E7313 /* Frameworks */,
				96E81D6C2663B297006E7313 /* Resources */,
			);
			buildRules = (
			);
			dependencies = (
				96E81D702663B297006E7313 /* PBXTargetDependency */,
			);
			name = SwiftLessonTests;
			productName = SwiftLessonTests;
			productReference = 96E81D6E2663B297006E7313 /* SwiftLessonTests.xctest */;
			productType = "com.apple.product-type.bundle.unit-test";
		};
		96E81D782663B297006E7313 /* SwiftLessonUITests */ = {
			isa = PBXNativeTarget;
			buildConfigurationList = 96E81D882663B297006E7313 /* Build configuration list for PBXNativeTarget "SwiftLessonUITests" */;
			buildPhases = (
				96E81D752663B297006E7313 /* Sources */,
				96E81D762663B297006E7313 /* Frameworks */,
				96E81D772663B297006E7313 /* Resources */,
			);
			buildRules = (
			);
			dependencies = (
				96E81D7B2663B297006E7313 /* PBXTargetDependency */,
			);
			name = SwiftLessonUITests;
			productName = SwiftLessonUITests;
			productReference = 96E81D792663B297006E7313 /* SwiftLessonUITests.xctest */;
			productType = "com.apple.product-type.bundle.ui-testing";
		};
/* End PBXNativeTarget section */

/* Begin PBXProject section */
		96E81D552663B295006E7313 /* Project object */ = {
			isa = PBXProject;
			attributes = {
				LastSwiftUpdateCheck = 1250;
				LastUpgradeCheck = 1250;
				TargetAttributes = {
					96E81D5C2663B295006E7313 = {
						CreatedOnToolsVersion = 12.5;
					};
					96E81D6D2663B297006E7313 = {
						CreatedOnToolsVersion = 12.5;
						TestTargetID = 96E81D5C2663B295006E7313;
					};
					96E81D782663B297006E7313 = {
						CreatedOnToolsVersion = 12.5;
						TestTargetID = 96E81D5C2663B295006E7313;
					};
				};
			};
			buildConfigurationList = 96E81D582663B295006E7313 /* Build configuration list for PBXProject "SwiftLesson" */;
			compatibilityVersion = "Xcode 9.3";
			developmentRegion = en;
			hasScannedForEncodings = 0;
			knownRegions = (
				en,
				Base,
			);
			mainGroup = 96E81D542663B295006E7313;
			productRefGroup = 96E81D5E2663B295006E7313 /* Products */;
			projectDirPath = "";
			projectRoot = "";
			targets = (
				96E81D5C2663B295006E7313 /* SwiftLesson */,
				96E81D6D2663B297006E7313 /* SwiftLessonTests */,
				96E81D782663B297006E7313 /* SwiftLessonUITests */,
			);
		};
/* End PBXProject section */

/* Begin PBXResourcesBuildPhase section */
		96E81D5B2663B295006E7313 /* Resources */ = {
			isa = PBXResourcesBuildPhase;
			buildActionMask = 2147483647;
			files = (
				96E81D682663B297006E7313 /* Preview Assets.xcassets in Resources */,
				96E81D652663B297006E7313 /* Assets.xcassets in Resources */,
			);
			runOnlyForDeploymentPostprocessing = 0;
		};
		96E81D6C2663B297006E7313 /* Resources */ = {
			isa = PBXResourcesBuildPhase;
			buildActionMask = 2147483647;
			files = (
			);
			runOnlyForDeploymentPostprocessing = 0;
		};
		96E81D772663B297006E7313 /* Resources */ = {
			isa = PBXResourcesBuildPhase;
			buildActionMask = 2147483647;
			files = (
			);
			runOnlyForDeploymentPostprocessing = 0;
		};
/* End PBXResourcesBuildPhase section */

/* Begin PBXSourcesBuildPhase section */
		96E81D592663B295006E7313 /* Sources */ = {
			isa = PBXSourcesBuildPhase;
			buildActionMask = 2147483647;
			files = (
				96E81D632663B295006E7313 /* ContentView.swift in Sources */,
				96E81D612663B295006E7313 /* SwiftLessonApp.swift in Sources */,
			);
			runOnlyForDeploymentPostprocessing = 0;
		};
		96E81D6A2663B297006E7313 /* Sources */ = {
			isa = PBXSourcesBuildPhase;
			buildActionMask = 2147483647;
			files = (
				96E81D732663B297006E7313 /* SwiftLessonTests.swift in Sources */,
			);
			runOnlyForDeploymentPostprocessing = 0;
		};
		96E81D752663B297006E7313 /* Sources */ = {
			isa = PBXSourcesBuildPhase;
			buildActionMask = 2147483647;
			files = (
				96E81D7E2663B297006E7313 /* SwiftLessonUITests.swift in Sources */,
			);
			runOnlyForDeploymentPostprocessing = 0;
		};
/* End PBXSourcesBuildPhase section */

/* Begin PBXTargetDependency section */
		96E81D702663B297006E7313 /* PBXTargetDependency */ = {
			isa = PBXTargetDependency;
			target = 96E81D5C2663B295006E7313 /* SwiftLesson */;
			targetProxy = 96E81D6F2663B297006E7313 /* PBXContainerItemProxy */;
		};
		96E81D7B2663B297006E7313 /* PBXTargetDependency */ = {
			isa = PBXTargetDependency;
			target = 96E81D5C2663B295006E7313 /* SwiftLesson */;
			targetProxy = 96E81D7A2663B297006E7313 /* PBXContainerItemProxy */;
		};
/* End PBXTargetDependency section */

/* Begin XCBuildConfiguration section */
		96E81D802663B297006E7313 /* Debug */ = {
			isa = XCBuildConfiguration;
			buildSettings = {
				ALWAYS_SEARCH_USER_PATHS = NO;
				CLANG_ANALYZER_NONNULL = YES;
				CLANG_ANALYZER_NUMBER_OBJECT_CONVERSION = YES_AGGRESSIVE;
				CLANG_CXX_LANGUAGE_STANDARD = "gnu++14";
				CLANG_CXX_LIBRARY = "libc++";
				CLANG_ENABLE_MODULES = YES;
				CLANG_ENABLE_OBJC_ARC = YES;
				CLANG_ENABLE_OBJC_WEAK = YES;
				CLANG_WARN_BLOCK_CAPTURE_AUTORELEASING = YES;
				CLANG_WARN_BOOL_CONVERSION = YES;
				CLANG_WARN_COMMA = YES;
				CLANG_WARN_CONSTANT_CONVERSION = YES;
				CLANG_WARN_DEPRECATED_OBJC_IMPLEMENTATIONS = YES;
				CLANG_WARN_DIRECT_OBJC_ISA_USAGE = YES_ERROR;
				CLANG_WARN_DOCUMENTATION_COMMENTS = YES;
				CLANG_WARN_EMPTY_BODY = YES;
				CLANG_WARN_ENUM_CONVERSION = YES;
				CLANG_WARN_INFINITE_RECURSION = YES;
				CLANG_WARN_INT_CONVERSION = YES;
				CLANG_WARN_NON_LITERAL_NULL_CONVERSION = YES;
				CLANG_WARN_OBJC_IMPLICIT_RETAIN_SELF = YES;
				CLANG_WARN_OBJC_LITERAL_CONVERSION = YES;
				CLANG_WARN_OBJC_ROOT_CLASS = YES_ERROR;
				CLANG_WARN_QUOTED_INCLUDE_IN_FRAMEWORK_HEADER = YES;
				CLANG_WARN_RANGE_LOOP_ANALYSIS = YES;
				CLANG_WARN_STRICT_PROTOTYPES = YES;
				CLANG_WARN_SUSPICIOUS_MOVE = YES;
				CLANG_WARN_UNGUARDED_AVAILABILITY = YES_AGGRESSIVE;
				CLANG_WARN_UNREACHABLE_CODE = YES;
				CLANG_WARN__DUPLICATE_METHOD_MATCH = YES;
				COPY_PHASE_STRIP = NO;
				DEBUG_INFORMATION_FORMAT = dwarf;
				ENABLE_STRICT_OBJC_MSGSEND = YES;
				ENABLE_TESTABILITY = YES;
				GCC_C_LANGUAGE_STANDARD = gnu11;
				GCC_DYNAMIC_NO_PIC = NO;
				GCC_NO_COMMON_BLOCKS = YES;
				GCC_OPTIMIZATION_LEVEL = 0;
				GCC_PREPROCESSOR_DEFINITIONS = (
					"DEBUG=1",
					"$(inherited)",
				);
				GCC_WARN_64_TO_32_BIT_CONVERSION = YES;
				GCC_WARN_ABOUT_RETURN_TYPE = YES_ERROR;
				GCC_WARN_UNDECLARED_SELECTOR = YES;
				GCC_WARN_UNINITIALIZED_AUTOS = YES_AGGRESSIVE;
				GCC_WARN_UNUSED_FUNCTION = YES;
				GCC_WARN_UNUSED_VARIABLE = YES;
				IPHONEOS_DEPLOYMENT_TARGET = 14.5;
				MTL_ENABLE_DEBUG_INFO = INCLUDE_SOURCE;
				MTL_FAST_MATH = YES;
				ONLY_ACTIVE_ARCH = YES;
				SDKROOT = iphoneos;
				SWIFT_ACTIVE_COMPILATION_CONDITIONS = DEBUG;
				SWIFT_OPTIMIZATION_LEVEL = "-Onone";
			};
			name = Debug;
		};
		96E81D812663B297006E7313 /* Release */ = {
			isa = XCBuildConfiguration;
			buildSettings = {
				ALWAYS_SEARCH_USER_PATHS = NO;
				CLANG_ANALYZER_NONNULL = YES;
				CLANG_ANALYZER_NUMBER_OBJECT_CONVERSION = YES_AGGRESSIVE;
				CLANG_CXX_LANGUAGE_STANDARD = "gnu++14";
				CLANG_CXX_LIBRARY = "libc++";
				CLANG_ENABLE_MODULES = YES;
				CLANG_ENABLE_OBJC_ARC = YES;
				CLANG_ENABLE_OBJC_WEAK = YES;
				CLANG_WARN_BLOCK_CAPTURE_AUTORELEASING = YES;
				CLANG_WARN_BOOL_CONVERSION = YES;
				CLANG_WARN_COMMA = YES;
				CLANG_WARN_CONSTANT_CONVERSION = YES;
				CLANG_WARN_DEPRECATED_OBJC_IMPLEMENTATIONS = YES;
				CLANG_WARN_DIRECT_OBJC_ISA_USAGE = YES_ERROR;
				CLANG_WARN_DOCUMENTATION_COMMENTS = YES;
				CLANG_WARN_EMPTY_BODY = YES;
				CLANG_WARN_ENUM_CONVERSION = YES;
				CLANG_WARN_INFINITE_RECURSION = YES;
				CLANG_WARN_INT_CONVERSION = YES;
				CLANG_WARN_NON_LITERAL_NULL_CONVERSION = YES;
				CLANG_WARN_OBJC_IMPLICIT_RETAIN_SELF = YES;
				CLANG_WARN_OBJC_LITERAL_CONVERSION = YES;
				CLANG_WARN_OBJC_ROOT_CLASS = YES_ERROR;
				CLANG_WARN_QUOTED_INCLUDE_IN_FRAMEWORK_HEADER = YES;
				CLANG_WARN_RANGE_LOOP_ANALYSIS = YES;
				CLANG_WARN_STRICT_PROTOTYPES = YES;
				CLANG_WARN_SUSPICIOUS_MOVE = YES;
				CLANG_WARN_UNGUARDED_AVAILABILITY = YES_AGGRESSIVE;
				CLANG_WARN_UNREACHABLE_CODE = YES;
				CLANG_WARN__DUPLICATE_METHOD_MATCH = YES;
				COPY_PHASE_STRIP = NO;
				DEBUG_INFORMATION_FORMAT = "dwarf-with-dsym";
				ENABLE_NS_ASSERTIONS = NO;
				ENABLE_STRICT_OBJC_MSGSEND = YES;
				GCC_C_LANGUAGE_STANDARD = gnu11;
				GCC_NO_COMMON_BLOCKS = YES;
				GCC_WARN_64_TO_32_BIT_CONVERSION = YES;
				GCC_WARN_ABOUT_RETURN_TYPE = YES_ERROR;
				GCC_WARN_UNDECLARED_SELECTOR = YES;
				GCC_WARN_UNINITIALIZED_AUTOS = YES_AGGRESSIVE;
				GCC_WARN_UNUSED_FUNCTION = YES;
				GCC_WARN_UNUSED_VARIABLE = YES;
				IPHONEOS_DEPLOYMENT_TARGET = 14.5;
				MTL_ENABLE_DEBUG_INFO = NO;
				MTL_FAST_MATH = YES;
				SDKROOT = iphoneos;
				SWIFT_COMPILATION_MODE = wholemodule;
				SWIFT_OPTIMIZATION_LEVEL = "-O";
				VALIDATE_PRODUCT = YES;
			};
			name = Release;
		};
		96E81D832663B297006E7313 /* Debug */ = {
			isa = XCBuildConfiguration;
			buildSettings = {
				ASSETCATALOG_COMPILER_APPICON_NAME = AppIcon;
				ASSETCATALOG_COMPILER_GLOBAL_ACCENT_COLOR_NAME = AccentColor;
				CODE_SIGN_STYLE = Automatic;
				DEVELOPMENT_ASSET_PATHS = "\"SwiftLesson/Preview Content\"";
				DEVELOPMENT_TEAM = PLP3792JN4;
				ENABLE_PREVIEWS = YES;
				INFOPLIST_FILE = SwiftLesson/Info.plist;
				IPHONEOS_DEPLOYMENT_TARGET = 14.0;
				LD_RUNPATH_SEARCH_PATHS = (
					"$(inherited)",
					"@executable_path/Frameworks",
				);
				PRODUCT_BUNDLE_IDENTIFIER = com.riansshole.SwiftLesson;
				PRODUCT_NAME = "$(TARGET_NAME)";
				SWIFT_VERSION = 5.0;
				TARGETED_DEVICE_FAMILY = "1,2";
			};
			name = Debug;
		};
		96E81D842663B297006E7313 /* Release */ = {
			isa = XCBuildConfiguration;
			buildSettings = {
				ASSETCATALOG_COMPILER_APPICON_NAME = AppIcon;
				ASSETCATALOG_COMPILER_GLOBAL_ACCENT_COLOR_NAME = AccentColor;
				CODE_SIGN_STYLE = Automatic;
				DEVELOPMENT_ASSET_PATHS = "\"SwiftLesson/Preview Content\"";
				DEVELOPMENT_TEAM = PLP3792JN4;
				ENABLE_PREVIEWS = YES;
				INFOPLIST_FILE = SwiftLesson/Info.plist;
				IPHONEOS_DEPLOYMENT_TARGET = 14.0;
				LD_RUNPATH_SEARCH_PATHS = (
					"$(inherited)",
					"@executable_path/Frameworks",
				);
				PRODUCT_BUNDLE_IDENTIFIER = com.riansshole.SwiftLesson;
				PRODUCT_NAME = "$(TARGET_NAME)";
				SWIFT_VERSION = 5.0;
				TARGETED_DEVICE_FAMILY = "1,2";
			};
			name = Release;
		};
		96E81D862663B297006E7313 /* Debug */ = {
			isa = XCBuildConfiguration;
			buildSettings = {
				ALWAYS_EMBED_SWIFT_STANDARD_LIBRARIES = YES;
				BUNDLE_LOADER = "$(TEST_HOST)";
				CODE_SIGN_STYLE = Automatic;
				DEVELOPMENT_TEAM = PLP3792JN4;
				INFOPLIST_FILE = SwiftLessonTests/Info.plist;
				IPHONEOS_DEPLOYMENT_TARGET = 14.0;
				LD_RUNPATH_SEARCH_PATHS = (
					"$(inherited)",
					"@executable_path/Frameworks",
					"@loader_path/Frameworks",
				);
				PRODUCT_BUNDLE_IDENTIFIER = com.riansshole.SwiftLessonTests;
				PRODUCT_NAME = "$(TARGET_NAME)";
				SWIFT_VERSION = 5.0;
				TARGETED_DEVICE_FAMILY = "1,2";
				TEST_HOST = "$(BUILT_PRODUCTS_DIR)/SwiftLesson.app/SwiftLesson";
			};
			name = Debug;
		};
		96E81D872663B297006E7313 /* Release */ = {
			isa = XCBuildConfiguration;
			buildSettings = {
				ALWAYS_EMBED_SWIFT_STANDARD_LIBRARIES = YES;
				BUNDLE_LOADER = "$(TEST_HOST)";
				CODE_SIGN_STYLE = Automatic;
				DEVELOPMENT_TEAM = PLP3792JN4;
				INFOPLIST_FILE = SwiftLessonTests/Info.plist;
				IPHONEOS_DEPLOYMENT_TARGET = 14.0;
				LD_RUNPATH_SEARCH_PATHS = (
					"$(inherited)",
					"@executable_path/Frameworks",
					"@loader_path/Frameworks",
				);
				PRODUCT_BUNDLE_IDENTIFIER = com.riansshole.SwiftLessonTests;
				PRODUCT_NAME = "$(TARGET_NAME)";
				SWIFT_VERSION = 5.0;
				TARGETED_DEVICE_FAMILY = "1,2";
				TEST_HOST = "$(BUILT_PRODUCTS_DIR)/SwiftLesson.app/SwiftLesson";
			};
			name = Release;
		};
		96E81D892663B297006E7313 /* Debug */ = {
			isa = XCBuildConfiguration;
			buildSettings = {
				ALWAYS_EMBED_SWIFT_STANDARD_LIBRARIES = YES;
				CODE_SIGN_STYLE = Automatic;
				DEVELOPMENT_TEAM = PLP3792JN4;
				INFOPLIST_FILE = SwiftLessonUITests/Info.plist;
				LD_RUNPATH_SEARCH_PATHS = (
					"$(inherited)",
					"@executable_path/Frameworks",
					"@loader_path/Frameworks",
				);
				PRODUCT_BUNDLE_IDENTIFIER = com.riansshole.SwiftLessonUITests;
				PRODUCT_NAME = "$(TARGET_NAME)";
				SWIFT_VERSION = 5.0;
				TARGETED_DEVICE_FAMILY = "1,2";
				TEST_TARGET_NAME = SwiftLesson;
			};
			name = Debug;
		};
		96E81D8A2663B297006E7313 /* Release */ = {
			isa = XCBuildConfiguration;
			buildSettings = {
				ALWAYS_EMBED_SWIFT_STANDARD_LIBRARIES = YES;
				CODE_SIGN_STYLE = Automatic;
				DEVELOPMENT_TEAM = PLP3792JN4;
				INFOPLIST_FILE = SwiftLessonUITests/Info.plist;
				LD_RUNPATH_SEARCH_PATHS = (
					"$(inherited)",
					"@executable_path/Frameworks",
					"@loader_path/Frameworks",
				);
				PRODUCT_BUNDLE_IDENTIFIER = com.riansshole.SwiftLessonUITests;
				PRODUCT_NAME = "$(TARGET_NAME)";
				SWIFT_VERSION = 5.0;
				TARGETED_DEVICE_FAMILY = "1,2";
				TEST_TARGET_NAME = SwiftLesson;
			};
			name = Release;
		};
/* End XCBuildConfiguration section */

/* Begin XCConfigurationList section */
		96E81D582663B295006E7313 /* Build configuration list for PBXProject "SwiftLesson" */ = {
			isa = XCConfigurationList;
			buildConfigurations = (
				96E81D802663B297006E7313 /* Debug */,
				96E81D812663B297006E7313 /* Release */,
			);
			defaultConfigurationIsVisible = 0;
			defaultConfigurationName = Release;
		};
		96E81D822663B297006E7313 /* Build configuration list for PBXNativeTarget "SwiftLesson" */ = {
			isa = XCConfigurationList;
			buildConfigurations = (
				96E81D832663B297006E7313 /* Debug */,
				96E81D842663B297006E7313 /* Release */,
			);
			defaultConfigurationIsVisible = 0;
			defaultConfigurationName = Release;
		};
		96E81D852663B297006E7313 /* Build configuration list for PBXNativeTarget "SwiftLessonTests" */ = {
			isa = XCConfigurationList;
			buildConfigurations = (
				96E81D862663B297006E7313 /* Debug */,
				96E81D872663B297006E7313 /* Release */,
			);
			defaultConfigurationIsVisible = 0;
			defaultConfigurationName = Release;
		};
		96E81D882663B297006E7313 /* Build configuration list for PBXNativeTarget "SwiftLessonUITests" */ = {
			isa = XCConfigurationList;
			buildConfigurations = (
				96E81D892663B297006E7313 /* Debug */,
				96E81D8A2663B297006E7313 /* Release */,
			);
			defaultConfigurationIsVisible = 0;
			defaultConfigurationName = Release;
		};
/* End XCConfigurationList section */
	};
	rootObject = 96E81D552663B295006E7313 /* Project object */;
}
