// !$*UTF8*$!
{
	archiveVersion = 1;
	classes = {
	};
	objectVersion = 50;
	objects = {

/* Begin PBXBuildFile section */
		96B11AFF2684B69A008FDE2A /* AppDelegate.swift in Sources */ = {isa = PBXBuildFile; fileRef = 96B11AFE2684B69A008FDE2A /* AppDelegate.swift */; };
		96B11B012684B69A008FDE2A /* SceneDelegate.swift in Sources */ = {isa = PBXBuildFile; fileRef = 96B11B002684B69A008FDE2A /* SceneDelegate.swift */; };
		96B11B032684B69A008FDE2A /* ViewController.swift in Sources */ = {isa = PBXBuildFile; fileRef = 96B11B022684B69A008FDE2A /* ViewController.swift */; };
		96B11B062684B69A008FDE2A /* Main.storyboard in Resources */ = {isa = PBXBuildFile; fileRef = 96B11B042684B69A008FDE2A /* Main.storyboard */; };
		96B11B082684B69B008FDE2A /* Assets.xcassets in Resources */ = {isa = PBXBuildFile; fileRef = 96B11B072684B69B008FDE2A /* Assets.xcassets */; };
		96B11B0B2684B69B008FDE2A /* LaunchScreen.storyboard in Resources */ = {isa = PBXBuildFile; fileRef = 96B11B092684B69B008FDE2A /* LaunchScreen.storyboard */; };
		96B11B162684B69B008FDE2A /* SimpleCalculatorTests.swift in Sources */ = {isa = PBXBuildFile; fileRef = 96B11B152684B69B008FDE2A /* SimpleCalculatorTests.swift */; };
		96B11B212684B69B008FDE2A /* SimpleCalculatorUITests.swift in Sources */ = {isa = PBXBuildFile; fileRef = 96B11B202684B69B008FDE2A /* SimpleCalculatorUITests.swift */; };
/* End PBXBuildFile section */

/* Begin PBXContainerItemProxy section */
		96B11B122684B69B008FDE2A /* PBXContainerItemProxy */ = {
			isa = PBXContainerItemProxy;
			containerPortal = 96B11AF32684B69A008FDE2A /* Project object */;
			proxyType = 1;
			remoteGlobalIDString = 96B11AFA2684B69A008FDE2A;
			remoteInfo = SimpleCalculator;
		};
		96B11B1D2684B69B008FDE2A /* PBXContainerItemProxy */ = {
			isa = PBXContainerItemProxy;
			containerPortal = 96B11AF32684B69A008FDE2A /* Project object */;
			proxyType = 1;
			remoteGlobalIDString = 96B11AFA2684B69A008FDE2A;
			remoteInfo = SimpleCalculator;
		};
/* End PBXContainerItemProxy section */

/* Begin PBXFileReference section */
		96B11AFB2684B69A008FDE2A /* SimpleCalculator.app */ = {isa = PBXFileReference; explicitFileType = wrapper.application; includeInIndex = 0; path = SimpleCalculator.app; sourceTree = BUILT_PRODUCTS_DIR; };
		96B11AFE2684B69A008FDE2A /* AppDelegate.swift */ = {isa = PBXFileReference; lastKnownFileType = sourcecode.swift; path = AppDelegate.swift; sourceTree = "<group>"; };
		96B11B002684B69A008FDE2A /* SceneDelegate.swift */ = {isa = PBXFileReference; lastKnownFileType = sourcecode.swift; path = SceneDelegate.swift; sourceTree = "<group>"; };
		96B11B022684B69A008FDE2A /* ViewController.swift */ = {isa = PBXFileReference; lastKnownFileType = sourcecode.swift; path = ViewController.swift; sourceTree = "<group>"; };
		96B11B052684B69A008FDE2A /* Base */ = {isa = PBXFileReference; lastKnownFileType = file.storyboard; name = Base; path = Base.lproj/Main.storyboard; sourceTree = "<group>"; };
		96B11B072684B69B008FDE2A /* Assets.xcassets */ = {isa = PBXFileReference; lastKnownFileType = folder.assetcatalog; path = Assets.xcassets; sourceTree = "<group>"; };
		96B11B0A2684B69B008FDE2A /* Base */ = {isa = PBXFileReference; lastKnownFileType = file.storyboard; name = Base; path = Base.lproj/LaunchScreen.storyboard; sourceTree = "<group>"; };
		96B11B0C2684B69B008FDE2A /* Info.plist */ = {isa = PBXFileReference; lastKnownFileType = text.plist.xml; path = Info.plist; sourceTree = "<group>"; };
		96B11B112684B69B008FDE2A /* SimpleCalculatorTests.xctest */ = {isa = PBXFileReference; explicitFileType = wrapper.cfbundle; includeInIndex = 0; path = SimpleCalculatorTests.xctest; sourceTree = BUILT_PRODUCTS_DIR; };
		96B11B152684B69B008FDE2A /* SimpleCalculatorTests.swift */ = {isa = PBXFileReference; lastKnownFileType = sourcecode.swift; path = SimpleCalculatorTests.swift; sourceTree = "<group>"; };
		96B11B172684B69B008FDE2A /* Info.plist */ = {isa = PBXFileReference; lastKnownFileType = text.plist.xml; path = Info.plist; sourceTree = "<group>"; };
		96B11B1C2684B69B008FDE2A /* SimpleCalculatorUITests.xctest */ = {isa = PBXFileReference; explicitFileType = wrapper.cfbundle; includeInIndex = 0; path = SimpleCalculatorUITests.xctest; sourceTree = BUILT_PRODUCTS_DIR; };
		96B11B202684B69B008FDE2A /* SimpleCalculatorUITests.swift */ = {isa = PBXFileReference; lastKnownFileType = sourcecode.swift; path = SimpleCalculatorUITests.swift; sourceTree = "<group>"; };
		96B11B222684B69B008FDE2A /* Info.plist */ = {isa = PBXFileReference; lastKnownFileType = text.plist.xml; path = Info.plist; sourceTree = "<group>"; };
/* End PBXFileReference section */

/* Begin PBXFrameworksBuildPhase section */
		96B11AF82684B69A008FDE2A /* Frameworks */ = {
			isa = PBXFrameworksBuildPhase;
			buildActionMask = 2147483647;
			files = (
			);
			runOnlyForDeploymentPostprocessing = 0;
		};
		96B11B0E2684B69B008FDE2A /* Frameworks */ = {
			isa = PBXFrameworksBuildPhase;
			buildActionMask = 2147483647;
			files = (
			);
			runOnlyForDeploymentPostprocessing = 0;
		};
		96B11B192684B69B008FDE2A /* Frameworks */ = {
			isa = PBXFrameworksBuildPhase;
			buildActionMask = 2147483647;
			files = (
			);
			runOnlyForDeploymentPostprocessing = 0;
		};
/* End PBXFrameworksBuildPhase section */

/* Begin PBXGroup section */
		96B11AF22684B69A008FDE2A = {
			isa = PBXGroup;
			children = (
				96B11AFD2684B69A008FDE2A /* SimpleCalculator */,
				96B11B142684B69B008FDE2A /* SimpleCalculatorTests */,
				96B11B1F2684B69B008FDE2A /* SimpleCalculatorUITests */,
				96B11AFC2684B69A008FDE2A /* Products */,
			);
			sourceTree = "<group>";
		};
		96B11AFC2684B69A008FDE2A /* Products */ = {
			isa = PBXGroup;
			children = (
				96B11AFB2684B69A008FDE2A /* SimpleCalculator.app */,
				96B11B112684B69B008FDE2A /* SimpleCalculatorTests.xctest */,
				96B11B1C2684B69B008FDE2A /* SimpleCalculatorUITests.xctest */,
			);
			name = Products;
			sourceTree = "<group>";
		};
		96B11AFD2684B69A008FDE2A /* SimpleCalculator */ = {
			isa = PBXGroup;
			children = (
				96B11AFE2684B69A008FDE2A /* AppDelegate.swift */,
				96B11B002684B69A008FDE2A /* SceneDelegate.swift */,
				96B11B022684B69A008FDE2A /* ViewController.swift */,
				96B11B042684B69A008FDE2A /* Main.storyboard */,
				96B11B072684B69B008FDE2A /* Assets.xcassets */,
				96B11B092684B69B008FDE2A /* LaunchScreen.storyboard */,
				96B11B0C2684B69B008FDE2A /* Info.plist */,
			);
			path = SimpleCalculator;
			sourceTree = "<group>";
		};
		96B11B142684B69B008FDE2A /* SimpleCalculatorTests */ = {
			isa = PBXGroup;
			children = (
				96B11B152684B69B008FDE2A /* SimpleCalculatorTests.swift */,
				96B11B172684B69B008FDE2A /* Info.plist */,
			);
			path = SimpleCalculatorTests;
			sourceTree = "<group>";
		};
		96B11B1F2684B69B008FDE2A /* SimpleCalculatorUITests */ = {
			isa = PBXGroup;
			children = (
				96B11B202684B69B008FDE2A /* SimpleCalculatorUITests.swift */,
				96B11B222684B69B008FDE2A /* Info.plist */,
			);
			path = SimpleCalculatorUITests;
			sourceTree = "<group>";
		};
/* End PBXGroup section */

/* Begin PBXNativeTarget section */
		96B11AFA2684B69A008FDE2A /* SimpleCalculator */ = {
			isa = PBXNativeTarget;
			buildConfigurationList = 96B11B252684B69B008FDE2A /* Build configuration list for PBXNativeTarget "SimpleCalculator" */;
			buildPhases = (
				96B11AF72684B69A008FDE2A /* Sources */,
				96B11AF82684B69A008FDE2A /* Frameworks */,
				96B11AF92684B69A008FDE2A /* Resources */,
			);
			buildRules = (
			);
			dependencies = (
			);
			name = SimpleCalculator;
			productName = SimpleCalculator;
			productReference = 96B11AFB2684B69A008FDE2A /* SimpleCalculator.app */;
			productType = "com.apple.product-type.application";
		};
		96B11B102684B69B008FDE2A /* SimpleCalculatorTests */ = {
			isa = PBXNativeTarget;
			buildConfigurationList = 96B11B282684B69B008FDE2A /* Build configuration list for PBXNativeTarget "SimpleCalculatorTests" */;
			buildPhases = (
				96B11B0D2684B69B008FDE2A /* Sources */,
				96B11B0E2684B69B008FDE2A /* Frameworks */,
				96B11B0F2684B69B008FDE2A /* Resources */,
			);
			buildRules = (
			);
			dependencies = (
				96B11B132684B69B008FDE2A /* PBXTargetDependency */,
			);
			name = SimpleCalculatorTests;
			productName = SimpleCalculatorTests;
			productReference = 96B11B112684B69B008FDE2A /* SimpleCalculatorTests.xctest */;
			productType = "com.apple.product-type.bundle.unit-test";
		};
		96B11B1B2684B69B008FDE2A /* SimpleCalculatorUITests */ = {
			isa = PBXNativeTarget;
			buildConfigurationList = 96B11B2B2684B69B008FDE2A /* Build configuration list for PBXNativeTarget "SimpleCalculatorUITests" */;
			buildPhases = (
				96B11B182684B69B008FDE2A /* Sources */,
				96B11B192684B69B008FDE2A /* Frameworks */,
				96B11B1A2684B69B008FDE2A /* Resources */,
			);
			buildRules = (
			);
			dependencies = (
				96B11B1E2684B69B008FDE2A /* PBXTargetDependency */,
			);
			name = SimpleCalculatorUITests;
			productName = SimpleCalculatorUITests;
			productReference = 96B11B1C2684B69B008FDE2A /* SimpleCalculatorUITests.xctest */;
			productType = "com.apple.product-type.bundle.ui-testing";
		};
/* End PBXNativeTarget section */

/* Begin PBXProject section */
		96B11AF32684B69A008FDE2A /* Project object */ = {
			isa = PBXProject;
			attributes = {
				LastSwiftUpdateCheck = 1250;
				LastUpgradeCheck = 1250;
				TargetAttributes = {
					96B11AFA2684B69A008FDE2A = {
						CreatedOnToolsVersion = 12.5;
					};
					96B11B102684B69B008FDE2A = {
						CreatedOnToolsVersion = 12.5;
						TestTargetID = 96B11AFA2684B69A008FDE2A;
					};
					96B11B1B2684B69B008FDE2A = {
						CreatedOnToolsVersion = 12.5;
						TestTargetID = 96B11AFA2684B69A008FDE2A;
					};
				};
			};
			buildConfigurationList = 96B11AF62684B69A008FDE2A /* Build configuration list for PBXProject "SimpleCalculator" */;
			compatibilityVersion = "Xcode 9.3";
			developmentRegion = en;
			hasScannedForEncodings = 0;
			knownRegions = (
				en,
				Base,
			);
			mainGroup = 96B11AF22684B69A008FDE2A;
			productRefGroup = 96B11AFC2684B69A008FDE2A /* Products */;
			projectDirPath = "";
			projectRoot = "";
			targets = (
				96B11AFA2684B69A008FDE2A /* SimpleCalculator */,
				96B11B102684B69B008FDE2A /* SimpleCalculatorTests */,
				96B11B1B2684B69B008FDE2A /* SimpleCalculatorUITests */,
			);
		};
/* End PBXProject section */

/* Begin PBXResourcesBuildPhase section */
		96B11AF92684B69A008FDE2A /* Resources */ = {
			isa = PBXResourcesBuildPhase;
			buildActionMask = 2147483647;
			files = (
				96B11B0B2684B69B008FDE2A /* LaunchScreen.storyboard in Resources */,
				96B11B082684B69B008FDE2A /* Assets.xcassets in Resources */,
				96B11B062684B69A008FDE2A /* Main.storyboard in Resources */,
			);
			runOnlyForDeploymentPostprocessing = 0;
		};
		96B11B0F2684B69B008FDE2A /* Resources */ = {
			isa = PBXResourcesBuildPhase;
			buildActionMask = 2147483647;
			files = (
			);
			runOnlyForDeploymentPostprocessing = 0;
		};
		96B11B1A2684B69B008FDE2A /* Resources */ = {
			isa = PBXResourcesBuildPhase;
			buildActionMask = 2147483647;
			files = (
			);
			runOnlyForDeploymentPostprocessing = 0;
		};
/* End PBXResourcesBuildPhase section */

/* Begin PBXSourcesBuildPhase section */
		96B11AF72684B69A008FDE2A /* Sources */ = {
			isa = PBXSourcesBuildPhase;
			buildActionMask = 2147483647;
			files = (
				96B11B032684B69A008FDE2A /* ViewController.swift in Sources */,
				96B11AFF2684B69A008FDE2A /* AppDelegate.swift in Sources */,
				96B11B012684B69A008FDE2A /* SceneDelegate.swift in Sources */,
			);
			runOnlyForDeploymentPostprocessing = 0;
		};
		96B11B0D2684B69B008FDE2A /* Sources */ = {
			isa = PBXSourcesBuildPhase;
			buildActionMask = 2147483647;
			files = (
				96B11B162684B69B008FDE2A /* SimpleCalculatorTests.swift in Sources */,
			);
			runOnlyForDeploymentPostprocessing = 0;
		};
		96B11B182684B69B008FDE2A /* Sources */ = {
			isa = PBXSourcesBuildPhase;
			buildActionMask = 2147483647;
			files = (
				96B11B212684B69B008FDE2A /* SimpleCalculatorUITests.swift in Sources */,
			);
			runOnlyForDeploymentPostprocessing = 0;
		};
/* End PBXSourcesBuildPhase section */

/* Begin PBXTargetDependency section */
		96B11B132684B69B008FDE2A /* PBXTargetDependency */ = {
			isa = PBXTargetDependency;
			target = 96B11AFA2684B69A008FDE2A /* SimpleCalculator */;
			targetProxy = 96B11B122684B69B008FDE2A /* PBXContainerItemProxy */;
		};
		96B11B1E2684B69B008FDE2A /* PBXTargetDependency */ = {
			isa = PBXTargetDependency;
			target = 96B11AFA2684B69A008FDE2A /* SimpleCalculator */;
			targetProxy = 96B11B1D2684B69B008FDE2A /* PBXContainerItemProxy */;
		};
/* End PBXTargetDependency section */

/* Begin PBXVariantGroup section */
		96B11B042684B69A008FDE2A /* Main.storyboard */ = {
			isa = PBXVariantGroup;
			children = (
				96B11B052684B69A008FDE2A /* Base */,
			);
			name = Main.storyboard;
			sourceTree = "<group>";
		};
		96B11B092684B69B008FDE2A /* LaunchScreen.storyboard */ = {
			isa = PBXVariantGroup;
			children = (
				96B11B0A2684B69B008FDE2A /* Base */,
			);
			name = LaunchScreen.storyboard;
			sourceTree = "<group>";
		};
/* End PBXVariantGroup section */

/* Begin XCBuildConfiguration section */
		96B11B232684B69B008FDE2A /* Debug */ = {
			isa = XCBuildConfiguration;
			buildSettings = {
				ALWAYS_SEARCH_USER_PATHS = NO;
				CLANG_ANALYZER_NONNULL = YES;
				CLANG_ANALYZER_NUMBER_OBJECT_CONVERSION = YES_AGGRESSIVE;
				CLANG_CXX_LANGUAGE_STANDARD = "gnu++14";
				CLANG_CXX_LIBRARY = "libc++";
				CLANG_ENABLE_MODULES = YES;
				CLANG_ENABLE_OBJC_ARC = YES;
				CLANG_ENABLE_OBJC_WEAK = YES;
				CLANG_WARN_BLOCK_CAPTURE_AUTORELEASING = YES;
				CLANG_WARN_BOOL_CONVERSION = YES;
				CLANG_WARN_COMMA = YES;
				CLANG_WARN_CONSTANT_CONVERSION = YES;
				CLANG_WARN_DEPRECATED_OBJC_IMPLEMENTATIONS = YES;
				CLANG_WARN_DIRECT_OBJC_ISA_USAGE = YES_ERROR;
				CLANG_WARN_DOCUMENTATION_COMMENTS = YES;
				CLANG_WARN_EMPTY_BODY = YES;
				CLANG_WARN_ENUM_CONVERSION = YES;
				CLANG_WARN_INFINITE_RECURSION = YES;
				CLANG_WARN_INT_CONVERSION = YES;
				CLANG_WARN_NON_LITERAL_NULL_CONVERSION = YES;
				CLANG_WARN_OBJC_IMPLICIT_RETAIN_SELF = YES;
				CLANG_WARN_OBJC_LITERAL_CONVERSION = YES;
				CLANG_WARN_OBJC_ROOT_CLASS = YES_ERROR;
				CLANG_WARN_QUOTED_INCLUDE_IN_FRAMEWORK_HEADER = YES;
				CLANG_WARN_RANGE_LOOP_ANALYSIS = YES;
				CLANG_WARN_STRICT_PROTOTYPES = YES;
				CLANG_WARN_SUSPICIOUS_MOVE = YES;
				CLANG_WARN_UNGUARDED_AVAILABILITY = YES_AGGRESSIVE;
				CLANG_WARN_UNREACHABLE_CODE = YES;
				CLANG_WARN__DUPLICATE_METHOD_MATCH = YES;
				COPY_PHASE_STRIP = NO;
				DEBUG_INFORMATION_FORMAT = dwarf;
				ENABLE_STRICT_OBJC_MSGSEND = YES;
				ENABLE_TESTABILITY = YES;
				GCC_C_LANGUAGE_STANDARD = gnu11;
				GCC_DYNAMIC_NO_PIC = NO;
				GCC_NO_COMMON_BLOCKS = YES;
				GCC_OPTIMIZATION_LEVEL = 0;
				GCC_PREPROCESSOR_DEFINITIONS = (
					"DEBUG=1",
					"$(inherited)",
				);
				GCC_WARN_64_TO_32_BIT_CONVERSION = YES;
				GCC_WARN_ABOUT_RETURN_TYPE = YES_ERROR;
				GCC_WARN_UNDECLARED_SELECTOR = YES;
				GCC_WARN_UNINITIALIZED_AUTOS = YES_AGGRESSIVE;
				GCC_WARN_UNUSED_FUNCTION = YES;
				GCC_WARN_UNUSED_VARIABLE = YES;
				IPHONEOS_DEPLOYMENT_TARGET = 14.5;
				MTL_ENABLE_DEBUG_INFO = INCLUDE_SOURCE;
				MTL_FAST_MATH = YES;
				ONLY_ACTIVE_ARCH = YES;
				SDKROOT = iphoneos;
				SWIFT_ACTIVE_COMPILATION_CONDITIONS = DEBUG;
				SWIFT_OPTIMIZATION_LEVEL = "-Onone";
			};
			name = Debug;
		};
		96B11B242684B69B008FDE2A /* Release */ = {
			isa = XCBuildConfiguration;
			buildSettings = {
				ALWAYS_SEARCH_USER_PATHS = NO;
				CLANG_ANALYZER_NONNULL = YES;
				CLANG_ANALYZER_NUMBER_OBJECT_CONVERSION = YES_AGGRESSIVE;
				CLANG_CXX_LANGUAGE_STANDARD = "gnu++14";
				CLANG_CXX_LIBRARY = "libc++";
				CLANG_ENABLE_MODULES = YES;
				CLANG_ENABLE_OBJC_ARC = YES;
				CLANG_ENABLE_OBJC_WEAK = YES;
				CLANG_WARN_BLOCK_CAPTURE_AUTORELEASING = YES;
				CLANG_WARN_BOOL_CONVERSION = YES;
				CLANG_WARN_COMMA = YES;
				CLANG_WARN_CONSTANT_CONVERSION = YES;
				CLANG_WARN_DEPRECATED_OBJC_IMPLEMENTATIONS = YES;
				CLANG_WARN_DIRECT_OBJC_ISA_USAGE = YES_ERROR;
				CLANG_WARN_DOCUMENTATION_COMMENTS = YES;
				CLANG_WARN_EMPTY_BODY = YES;
				CLANG_WARN_ENUM_CONVERSION = YES;
				CLANG_WARN_INFINITE_RECURSION = YES;
				CLANG_WARN_INT_CONVERSION = YES;
				CLANG_WARN_NON_LITERAL_NULL_CONVERSION = YES;
				CLANG_WARN_OBJC_IMPLICIT_RETAIN_SELF = YES;
				CLANG_WARN_OBJC_LITERAL_CONVERSION = YES;
				CLANG_WARN_OBJC_ROOT_CLASS = YES_ERROR;
				CLANG_WARN_QUOTED_INCLUDE_IN_FRAMEWORK_HEADER = YES;
				CLANG_WARN_RANGE_LOOP_ANALYSIS = YES;
				CLANG_WARN_STRICT_PROTOTYPES = YES;
				CLANG_WARN_SUSPICIOUS_MOVE = YES;
				CLANG_WARN_UNGUARDED_AVAILABILITY = YES_AGGRESSIVE;
				CLANG_WARN_UNREACHABLE_CODE = YES;
				CLANG_WARN__DUPLICATE_METHOD_MATCH = YES;
				COPY_PHASE_STRIP = NO;
				DEBUG_INFORMATION_FORMAT = "dwarf-with-dsym";
				ENABLE_NS_ASSERTIONS = NO;
				ENABLE_STRICT_OBJC_MSGSEND = YES;
				GCC_C_LANGUAGE_STANDARD = gnu11;
				GCC_NO_COMMON_BLOCKS = YES;
				GCC_WARN_64_TO_32_BIT_CONVERSION = YES;
				GCC_WARN_ABOUT_RETURN_TYPE = YES_ERROR;
				GCC_WARN_UNDECLARED_SELECTOR = YES;
				GCC_WARN_UNINITIALIZED_AUTOS = YES_AGGRESSIVE;
				GCC_WARN_UNUSED_FUNCTION = YES;
				GCC_WARN_UNUSED_VARIABLE = YES;
				IPHONEOS_DEPLOYMENT_TARGET = 14.5;
				MTL_ENABLE_DEBUG_INFO = NO;
				MTL_FAST_MATH = YES;
				SDKROOT = iphoneos;
				SWIFT_COMPILATION_MODE = wholemodule;
				SWIFT_OPTIMIZATION_LEVEL = "-O";
				VALIDATE_PRODUCT = YES;
			};
			name = Release;
		};
		96B11B262684B69B008FDE2A /* Debug */ = {
			isa = XCBuildConfiguration;
			buildSettings = {
				ASSETCATALOG_COMPILER_APPICON_NAME = AppIcon;
				ASSETCATALOG_COMPILER_GLOBAL_ACCENT_COLOR_NAME = AccentColor;
				CODE_SIGN_STYLE = Automatic;
				DEVELOPMENT_TEAM = PLP3792JN4;
				INFOPLIST_FILE = SimpleCalculator/Info.plist;
				LD_RUNPATH_SEARCH_PATHS = (
					"$(inherited)",
					"@executable_path/Frameworks",
				);
				PRODUCT_BUNDLE_IDENTIFIER = com.dicoding.academy.SimpleCalculator;
				PRODUCT_NAME = "$(TARGET_NAME)";
				SWIFT_VERSION = 5.0;
				TARGETED_DEVICE_FAMILY = "1,2";
			};
			name = Debug;
		};
		96B11B272684B69B008FDE2A /* Release */ = {
			isa = XCBuildConfiguration;
			buildSettings = {
				ASSETCATALOG_COMPILER_APPICON_NAME = AppIcon;
				ASSETCATALOG_COMPILER_GLOBAL_ACCENT_COLOR_NAME = AccentColor;
				CODE_SIGN_STYLE = Automatic;
				DEVELOPMENT_TEAM = PLP3792JN4;
				INFOPLIST_FILE = SimpleCalculator/Info.plist;
				LD_RUNPATH_SEARCH_PATHS = (
					"$(inherited)",
					"@executable_path/Frameworks",
				);
				PRODUCT_BUNDLE_IDENTIFIER = com.dicoding.academy.SimpleCalculator;
				PRODUCT_NAME = "$(TARGET_NAME)";
				SWIFT_VERSION = 5.0;
				TARGETED_DEVICE_FAMILY = "1,2";
			};
			name = Release;
		};
		96B11B292684B69B008FDE2A /* Debug */ = {
			isa = XCBuildConfiguration;
			buildSettings = {
				ALWAYS_EMBED_SWIFT_STANDARD_LIBRARIES = YES;
				BUNDLE_LOADER = "$(TEST_HOST)";
				CODE_SIGN_STYLE = Automatic;
				DEVELOPMENT_TEAM = PLP3792JN4;
				INFOPLIST_FILE = SimpleCalculatorTests/Info.plist;
				IPHONEOS_DEPLOYMENT_TARGET = 14.5;
				LD_RUNPATH_SEARCH_PATHS = (
					"$(inherited)",
					"@executable_path/Frameworks",
					"@loader_path/Frameworks",
				);
				PRODUCT_BUNDLE_IDENTIFIER = com.dicoding.academy.SimpleCalculatorTests;
				PRODUCT_NAME = "$(TARGET_NAME)";
				SWIFT_VERSION = 5.0;
				TARGETED_DEVICE_FAMILY = "1,2";
				TEST_HOST = "$(BUILT_PRODUCTS_DIR)/SimpleCalculator.app/SimpleCalculator";
			};
			name = Debug;
		};
		96B11B2A2684B69B008FDE2A /* Release */ = {
			isa = XCBuildConfiguration;
			buildSettings = {
				ALWAYS_EMBED_SWIFT_STANDARD_LIBRARIES = YES;
				BUNDLE_LOADER = "$(TEST_HOST)";
				CODE_SIGN_STYLE = Automatic;
				DEVELOPMENT_TEAM = PLP3792JN4;
				INFOPLIST_FILE = SimpleCalculatorTests/Info.plist;
				IPHONEOS_DEPLOYMENT_TARGET = 14.5;
				LD_RUNPATH_SEARCH_PATHS = (
					"$(inherited)",
					"@executable_path/Frameworks",
					"@loader_path/Frameworks",
				);
				PRODUCT_BUNDLE_IDENTIFIER = com.dicoding.academy.SimpleCalculatorTests;
				PRODUCT_NAME = "$(TARGET_NAME)";
				SWIFT_VERSION = 5.0;
				TARGETED_DEVICE_FAMILY = "1,2";
				TEST_HOST = "$(BUILT_PRODUCTS_DIR)/SimpleCalculator.app/SimpleCalculator";
			};
			name = Release;
		};
		96B11B2C2684B69B008FDE2A /* Debug */ = {
			isa = XCBuildConfiguration;
			buildSettings = {
				ALWAYS_EMBED_SWIFT_STANDARD_LIBRARIES = YES;
				CODE_SIGN_STYLE = Automatic;
				DEVELOPMENT_TEAM = PLP3792JN4;
				INFOPLIST_FILE = SimpleCalculatorUITests/Info.plist;
				LD_RUNPATH_SEARCH_PATHS = (
					"$(inherited)",
					"@executable_path/Frameworks",
					"@loader_path/Frameworks",
				);
				PRODUCT_BUNDLE_IDENTIFIER = com.dicoding.academy.SimpleCalculatorUITests;
				PRODUCT_NAME = "$(TARGET_NAME)";
				SWIFT_VERSION = 5.0;
				TARGETED_DEVICE_FAMILY = "1,2";
				TEST_TARGET_NAME = SimpleCalculator;
			};
			name = Debug;
		};
		96B11B2D2684B69B008FDE2A /* Release */ = {
			isa = XCBuildConfiguration;
			buildSettings = {
				ALWAYS_EMBED_SWIFT_STANDARD_LIBRARIES = YES;
				CODE_SIGN_STYLE = Automatic;
				DEVELOPMENT_TEAM = PLP3792JN4;
				INFOPLIST_FILE = SimpleCalculatorUITests/Info.plist;
				LD_RUNPATH_SEARCH_PATHS = (
					"$(inherited)",
					"@executable_path/Frameworks",
					"@loader_path/Frameworks",
				);
				PRODUCT_BUNDLE_IDENTIFIER = com.dicoding.academy.SimpleCalculatorUITests;
				PRODUCT_NAME = "$(TARGET_NAME)";
				SWIFT_VERSION = 5.0;
				TARGETED_DEVICE_FAMILY = "1,2";
				TEST_TARGET_NAME = SimpleCalculator;
			};
			name = Release;
		};
/* End XCBuildConfiguration section */

/* Begin XCConfigurationList section */
		96B11AF62684B69A008FDE2A /* Build configuration list for PBXProject "SimpleCalculator" */ = {
			isa = XCConfigurationList;
			buildConfigurations = (
				96B11B232684B69B008FDE2A /* Debug */,
				96B11B242684B69B008FDE2A /* Release */,
			);
			defaultConfigurationIsVisible = 0;
			defaultConfigurationName = Release;
		};
		96B11B252684B69B008FDE2A /* Build configuration list for PBXNativeTarget "SimpleCalculator" */ = {
			isa = XCConfigurationList;
			buildConfigurations = (
				96B11B262684B69B008FDE2A /* Debug */,
				96B11B272684B69B008FDE2A /* Release */,
			);
			defaultConfigurationIsVisible = 0;
			defaultConfigurationName = Release;
		};
		96B11B282684B69B008FDE2A /* Build configuration list for PBXNativeTarget "SimpleCalculatorTests" */ = {
			isa = XCConfigurationList;
			buildConfigurations = (
				96B11B292684B69B008FDE2A /* Debug */,
				96B11B2A2684B69B008FDE2A /* Release */,
			);
			defaultConfigurationIsVisible = 0;
			defaultConfigurationName = Release;
		};
		96B11B2B2684B69B008FDE2A /* Build configuration list for PBXNativeTarget "SimpleCalculatorUITests" */ = {
			isa = XCConfigurationList;
			buildConfigurations = (
				96B11B2C2684B69B008FDE2A /* Debug */,
				96B11B2D2684B69B008FDE2A /* Release */,
			);
			defaultConfigurationIsVisible = 0;
			defaultConfigurationName = Release;
		};
/* End XCConfigurationList section */
	};
	rootObject = 96B11AF32684B69A008FDE2A /* Project object */;
}
