// !$*UTF8*$!
{
	archiveVersion = 1;
	classes = {
	};
	objectVersion = 50;
	objects = {

/* Begin PBXBuildFile section */
		961834B326854E410096486D /* MasteredTicTacToeApp.swift in Sources */ = {isa = PBXBuildFile; fileRef = 961834B226854E410096486D /* MasteredTicTacToeApp.swift */; };
		961834B526854E410096486D /* ContentView.swift in Sources */ = {isa = PBXBuildFile; fileRef = 961834B426854E410096486D /* ContentView.swift */; };
		961834B726854E420096486D /* Assets.xcassets in Resources */ = {isa = PBXBuildFile; fileRef = 961834B626854E420096486D /* Assets.xcassets */; };
		961834BA26854E420096486D /* Preview Assets.xcassets in Resources */ = {isa = PBXBuildFile; fileRef = 961834B926854E420096486D /* Preview Assets.xcassets */; };
		961834C526854E420096486D /* MasteredTicTacToeTests.swift in Sources */ = {isa = PBXBuildFile; fileRef = 961834C426854E420096486D /* MasteredTicTacToeTests.swift */; };
		961834D026854E420096486D /* MasteredTicTacToeUITests.swift in Sources */ = {isa = PBXBuildFile; fileRef = 961834CF26854E420096486D /* MasteredTicTacToeUITests.swift */; };
/* End PBXBuildFile section */

/* Begin PBXContainerItemProxy section */
		961834C126854E420096486D /* PBXContainerItemProxy */ = {
			isa = PBXContainerItemProxy;
			containerPortal = 961834A726854E410096486D /* Project object */;
			proxyType = 1;
			remoteGlobalIDString = 961834AE26854E410096486D;
			remoteInfo = MasteredTicTacToe;
		};
		961834CC26854E420096486D /* PBXContainerItemProxy */ = {
			isa = PBXContainerItemProxy;
			containerPortal = 961834A726854E410096486D /* Project object */;
			proxyType = 1;
			remoteGlobalIDString = 961834AE26854E410096486D;
			remoteInfo = MasteredTicTacToe;
		};
/* End PBXContainerItemProxy section */

/* Begin PBXFileReference section */
		961834AF26854E410096486D /* MasteredTicTacToe.app */ = {isa = PBXFileReference; explicitFileType = wrapper.application; includeInIndex = 0; path = MasteredTicTacToe.app; sourceTree = BUILT_PRODUCTS_DIR; };
		961834B226854E410096486D /* MasteredTicTacToeApp.swift */ = {isa = PBXFileReference; lastKnownFileType = sourcecode.swift; path = MasteredTicTacToeApp.swift; sourceTree = "<group>"; };
		961834B426854E410096486D /* ContentView.swift */ = {isa = PBXFileReference; lastKnownFileType = sourcecode.swift; path = ContentView.swift; sourceTree = "<group>"; };
		961834B626854E420096486D /* Assets.xcassets */ = {isa = PBXFileReference; lastKnownFileType = folder.assetcatalog; path = Assets.xcassets; sourceTree = "<group>"; };
		961834B926854E420096486D /* Preview Assets.xcassets */ = {isa = PBXFileReference; lastKnownFileType = folder.assetcatalog; path = "Preview Assets.xcassets"; sourceTree = "<group>"; };
		961834BB26854E420096486D /* Info.plist */ = {isa = PBXFileReference; lastKnownFileType = text.plist.xml; path = Info.plist; sourceTree = "<group>"; };
		961834C026854E420096486D /* MasteredTicTacToeTests.xctest */ = {isa = PBXFileReference; explicitFileType = wrapper.cfbundle; includeInIndex = 0; path = MasteredTicTacToeTests.xctest; sourceTree = BUILT_PRODUCTS_DIR; };
		961834C426854E420096486D /* MasteredTicTacToeTests.swift */ = {isa = PBXFileReference; lastKnownFileType = sourcecode.swift; path = MasteredTicTacToeTests.swift; sourceTree = "<group>"; };
		961834C626854E420096486D /* Info.plist */ = {isa = PBXFileReference; lastKnownFileType = text.plist.xml; path = Info.plist; sourceTree = "<group>"; };
		961834CB26854E420096486D /* MasteredTicTacToeUITests.xctest */ = {isa = PBXFileReference; explicitFileType = wrapper.cfbundle; includeInIndex = 0; path = MasteredTicTacToeUITests.xctest; sourceTree = BUILT_PRODUCTS_DIR; };
		961834CF26854E420096486D /* MasteredTicTacToeUITests.swift */ = {isa = PBXFileReference; lastKnownFileType = sourcecode.swift; path = MasteredTicTacToeUITests.swift; sourceTree = "<group>"; };
		961834D126854E420096486D /* Info.plist */ = {isa = PBXFileReference; lastKnownFileType = text.plist.xml; path = Info.plist; sourceTree = "<group>"; };
/* End PBXFileReference section */

/* Begin PBXFrameworksBuildPhase section */
		961834AC26854E410096486D /* Frameworks */ = {
			isa = PBXFrameworksBuildPhase;
			buildActionMask = 2147483647;
			files = (
			);
			runOnlyForDeploymentPostprocessing = 0;
		};
		961834BD26854E420096486D /* Frameworks */ = {
			isa = PBXFrameworksBuildPhase;
			buildActionMask = 2147483647;
			files = (
			);
			runOnlyForDeploymentPostprocessing = 0;
		};
		961834C826854E420096486D /* Frameworks */ = {
			isa = PBXFrameworksBuildPhase;
			buildActionMask = 2147483647;
			files = (
			);
			runOnlyForDeploymentPostprocessing = 0;
		};
/* End PBXFrameworksBuildPhase section */

/* Begin PBXGroup section */
		961834A626854E410096486D = {
			isa = PBXGroup;
			children = (
				961834B126854E410096486D /* MasteredTicTacToe */,
				961834C326854E420096486D /* MasteredTicTacToeTests */,
				961834CE26854E420096486D /* MasteredTicTacToeUITests */,
				961834B026854E410096486D /* Products */,
			);
			sourceTree = "<group>";
		};
		961834B026854E410096486D /* Products */ = {
			isa = PBXGroup;
			children = (
				961834AF26854E410096486D /* MasteredTicTacToe.app */,
				961834C026854E420096486D /* MasteredTicTacToeTests.xctest */,
				961834CB26854E420096486D /* MasteredTicTacToeUITests.xctest */,
			);
			name = Products;
			sourceTree = "<group>";
		};
		961834B126854E410096486D /* MasteredTicTacToe */ = {
			isa = PBXGroup;
			children = (
				961834B226854E410096486D /* MasteredTicTacToeApp.swift */,
				961834B426854E410096486D /* ContentView.swift */,
				961834B626854E420096486D /* Assets.xcassets */,
				961834BB26854E420096486D /* Info.plist */,
				961834B826854E420096486D /* Preview Content */,
			);
			path = MasteredTicTacToe;
			sourceTree = "<group>";
		};
		961834B826854E420096486D /* Preview Content */ = {
			isa = PBXGroup;
			children = (
				961834B926854E420096486D /* Preview Assets.xcassets */,
			);
			path = "Preview Content";
			sourceTree = "<group>";
		};
		961834C326854E420096486D /* MasteredTicTacToeTests */ = {
			isa = PBXGroup;
			children = (
				961834C426854E420096486D /* MasteredTicTacToeTests.swift */,
				961834C626854E420096486D /* Info.plist */,
			);
			path = MasteredTicTacToeTests;
			sourceTree = "<group>";
		};
		961834CE26854E420096486D /* MasteredTicTacToeUITests */ = {
			isa = PBXGroup;
			children = (
				961834CF26854E420096486D /* MasteredTicTacToeUITests.swift */,
				961834D126854E420096486D /* Info.plist */,
			);
			path = MasteredTicTacToeUITests;
			sourceTree = "<group>";
		};
/* End PBXGroup section */

/* Begin PBXNativeTarget section */
		961834AE26854E410096486D /* MasteredTicTacToe */ = {
			isa = PBXNativeTarget;
			buildConfigurationList = 961834D426854E420096486D /* Build configuration list for PBXNativeTarget "MasteredTicTacToe" */;
			buildPhases = (
				961834AB26854E410096486D /* Sources */,
				961834AC26854E410096486D /* Frameworks */,
				961834AD26854E410096486D /* Resources */,
			);
			buildRules = (
			);
			dependencies = (
			);
			name = MasteredTicTacToe;
			productName = MasteredTicTacToe;
			productReference = 961834AF26854E410096486D /* MasteredTicTacToe.app */;
			productType = "com.apple.product-type.application";
		};
		961834BF26854E420096486D /* MasteredTicTacToeTests */ = {
			isa = PBXNativeTarget;
			buildConfigurationList = 961834D726854E430096486D /* Build configuration list for PBXNativeTarget "MasteredTicTacToeTests" */;
			buildPhases = (
				961834BC26854E420096486D /* Sources */,
				961834BD26854E420096486D /* Frameworks */,
				961834BE26854E420096486D /* Resources */,
			);
			buildRules = (
			);
			dependencies = (
				961834C226854E420096486D /* PBXTargetDependency */,
			);
			name = MasteredTicTacToeTests;
			productName = MasteredTicTacToeTests;
			productReference = 961834C026854E420096486D /* MasteredTicTacToeTests.xctest */;
			productType = "com.apple.product-type.bundle.unit-test";
		};
		961834CA26854E420096486D /* MasteredTicTacToeUITests */ = {
			isa = PBXNativeTarget;
			buildConfigurationList = 961834DA26854E430096486D /* Build configuration list for PBXNativeTarget "MasteredTicTacToeUITests" */;
			buildPhases = (
				961834C726854E420096486D /* Sources */,
				961834C826854E420096486D /* Frameworks */,
				961834C926854E420096486D /* Resources */,
			);
			buildRules = (
			);
			dependencies = (
				961834CD26854E420096486D /* PBXTargetDependency */,
			);
			name = MasteredTicTacToeUITests;
			productName = MasteredTicTacToeUITests;
			productReference = 961834CB26854E420096486D /* MasteredTicTacToeUITests.xctest */;
			productType = "com.apple.product-type.bundle.ui-testing";
		};
/* End PBXNativeTarget section */

/* Begin PBXProject section */
		961834A726854E410096486D /* Project object */ = {
			isa = PBXProject;
			attributes = {
				LastSwiftUpdateCheck = 1250;
				LastUpgradeCheck = 1250;
				TargetAttributes = {
					961834AE26854E410096486D = {
						CreatedOnToolsVersion = 12.5;
					};
					961834BF26854E420096486D = {
						CreatedOnToolsVersion = 12.5;
						TestTargetID = 961834AE26854E410096486D;
					};
					961834CA26854E420096486D = {
						CreatedOnToolsVersion = 12.5;
						TestTargetID = 961834AE26854E410096486D;
					};
				};
			};
			buildConfigurationList = 961834AA26854E410096486D /* Build configuration list for PBXProject "MasteredTicTacToe" */;
			compatibilityVersion = "Xcode 9.3";
			developmentRegion = en;
			hasScannedForEncodings = 0;
			knownRegions = (
				en,
				Base,
			);
			mainGroup = 961834A626854E410096486D;
			productRefGroup = 961834B026854E410096486D /* Products */;
			projectDirPath = "";
			projectRoot = "";
			targets = (
				961834AE26854E410096486D /* MasteredTicTacToe */,
				961834BF26854E420096486D /* MasteredTicTacToeTests */,
				961834CA26854E420096486D /* MasteredTicTacToeUITests */,
			);
		};
/* End PBXProject section */

/* Begin PBXResourcesBuildPhase section */
		961834AD26854E410096486D /* Resources */ = {
			isa = PBXResourcesBuildPhase;
			buildActionMask = 2147483647;
			files = (
				961834BA26854E420096486D /* Preview Assets.xcassets in Resources */,
				961834B726854E420096486D /* Assets.xcassets in Resources */,
			);
			runOnlyForDeploymentPostprocessing = 0;
		};
		961834BE26854E420096486D /* Resources */ = {
			isa = PBXResourcesBuildPhase;
			buildActionMask = 2147483647;
			files = (
			);
			runOnlyForDeploymentPostprocessing = 0;
		};
		961834C926854E420096486D /* Resources */ = {
			isa = PBXResourcesBuildPhase;
			buildActionMask = 2147483647;
			files = (
			);
			runOnlyForDeploymentPostprocessing = 0;
		};
/* End PBXResourcesBuildPhase section */

/* Begin PBXSourcesBuildPhase section */
		961834AB26854E410096486D /* Sources */ = {
			isa = PBXSourcesBuildPhase;
			buildActionMask = 2147483647;
			files = (
				961834B526854E410096486D /* ContentView.swift in Sources */,
				961834B326854E410096486D /* MasteredTicTacToeApp.swift in Sources */,
			);
			runOnlyForDeploymentPostprocessing = 0;
		};
		961834BC26854E420096486D /* Sources */ = {
			isa = PBXSourcesBuildPhase;
			buildActionMask = 2147483647;
			files = (
				961834C526854E420096486D /* MasteredTicTacToeTests.swift in Sources */,
			);
			runOnlyForDeploymentPostprocessing = 0;
		};
		961834C726854E420096486D /* Sources */ = {
			isa = PBXSourcesBuildPhase;
			buildActionMask = 2147483647;
			files = (
				961834D026854E420096486D /* MasteredTicTacToeUITests.swift in Sources */,
			);
			runOnlyForDeploymentPostprocessing = 0;
		};
/* End PBXSourcesBuildPhase section */

/* Begin PBXTargetDependency section */
		961834C226854E420096486D /* PBXTargetDependency */ = {
			isa = PBXTargetDependency;
			target = 961834AE26854E410096486D /* MasteredTicTacToe */;
			targetProxy = 961834C126854E420096486D /* PBXContainerItemProxy */;
		};
		961834CD26854E420096486D /* PBXTargetDependency */ = {
			isa = PBXTargetDependency;
			target = 961834AE26854E410096486D /* MasteredTicTacToe */;
			targetProxy = 961834CC26854E420096486D /* PBXContainerItemProxy */;
		};
/* End PBXTargetDependency section */

/* Begin XCBuildConfiguration section */
		961834D226854E420096486D /* Debug */ = {
			isa = XCBuildConfiguration;
			buildSettings = {
				ALWAYS_SEARCH_USER_PATHS = NO;
				CLANG_ANALYZER_NONNULL = YES;
				CLANG_ANALYZER_NUMBER_OBJECT_CONVERSION = YES_AGGRESSIVE;
				CLANG_CXX_LANGUAGE_STANDARD = "gnu++14";
				CLANG_CXX_LIBRARY = "libc++";
				CLANG_ENABLE_MODULES = YES;
				CLANG_ENABLE_OBJC_ARC = YES;
				CLANG_ENABLE_OBJC_WEAK = YES;
				CLANG_WARN_BLOCK_CAPTURE_AUTORELEASING = YES;
				CLANG_WARN_BOOL_CONVERSION = YES;
				CLANG_WARN_COMMA = YES;
				CLANG_WARN_CONSTANT_CONVERSION = YES;
				CLANG_WARN_DEPRECATED_OBJC_IMPLEMENTATIONS = YES;
				CLANG_WARN_DIRECT_OBJC_ISA_USAGE = YES_ERROR;
				CLANG_WARN_DOCUMENTATION_COMMENTS = YES;
				CLANG_WARN_EMPTY_BODY = YES;
				CLANG_WARN_ENUM_CONVERSION = YES;
				CLANG_WARN_INFINITE_RECURSION = YES;
				CLANG_WARN_INT_CONVERSION = YES;
				CLANG_WARN_NON_LITERAL_NULL_CONVERSION = YES;
				CLANG_WARN_OBJC_IMPLICIT_RETAIN_SELF = YES;
				CLANG_WARN_OBJC_LITERAL_CONVERSION = YES;
				CLANG_WARN_OBJC_ROOT_CLASS = YES_ERROR;
				CLANG_WARN_QUOTED_INCLUDE_IN_FRAMEWORK_HEADER = YES;
				CLANG_WARN_RANGE_LOOP_ANALYSIS = YES;
				CLANG_WARN_STRICT_PROTOTYPES = YES;
				CLANG_WARN_SUSPICIOUS_MOVE = YES;
				CLANG_WARN_UNGUARDED_AVAILABILITY = YES_AGGRESSIVE;
				CLANG_WARN_UNREACHABLE_CODE = YES;
				CLANG_WARN__DUPLICATE_METHOD_MATCH = YES;
				COPY_PHASE_STRIP = NO;
				DEBUG_INFORMATION_FORMAT = dwarf;
				ENABLE_STRICT_OBJC_MSGSEND = YES;
				ENABLE_TESTABILITY = YES;
				GCC_C_LANGUAGE_STANDARD = gnu11;
				GCC_DYNAMIC_NO_PIC = NO;
				GCC_NO_COMMON_BLOCKS = YES;
				GCC_OPTIMIZATION_LEVEL = 0;
				GCC_PREPROCESSOR_DEFINITIONS = (
					"DEBUG=1",
					"$(inherited)",
				);
				GCC_WARN_64_TO_32_BIT_CONVERSION = YES;
				GCC_WARN_ABOUT_RETURN_TYPE = YES_ERROR;
				GCC_WARN_UNDECLARED_SELECTOR = YES;
				GCC_WARN_UNINITIALIZED_AUTOS = YES_AGGRESSIVE;
				GCC_WARN_UNUSED_FUNCTION = YES;
				GCC_WARN_UNUSED_VARIABLE = YES;
				IPHONEOS_DEPLOYMENT_TARGET = 14.5;
				MTL_ENABLE_DEBUG_INFO = INCLUDE_SOURCE;
				MTL_FAST_MATH = YES;
				ONLY_ACTIVE_ARCH = YES;
				SDKROOT = iphoneos;
				SWIFT_ACTIVE_COMPILATION_CONDITIONS = DEBUG;
				SWIFT_OPTIMIZATION_LEVEL = "-Onone";
			};
			name = Debug;
		};
		961834D326854E420096486D /* Release */ = {
			isa = XCBuildConfiguration;
			buildSettings = {
				ALWAYS_SEARCH_USER_PATHS = NO;
				CLANG_ANALYZER_NONNULL = YES;
				CLANG_ANALYZER_NUMBER_OBJECT_CONVERSION = YES_AGGRESSIVE;
				CLANG_CXX_LANGUAGE_STANDARD = "gnu++14";
				CLANG_CXX_LIBRARY = "libc++";
				CLANG_ENABLE_MODULES = YES;
				CLANG_ENABLE_OBJC_ARC = YES;
				CLANG_ENABLE_OBJC_WEAK = YES;
				CLANG_WARN_BLOCK_CAPTURE_AUTORELEASING = YES;
				CLANG_WARN_BOOL_CONVERSION = YES;
				CLANG_WARN_COMMA = YES;
				CLANG_WARN_CONSTANT_CONVERSION = YES;
				CLANG_WARN_DEPRECATED_OBJC_IMPLEMENTATIONS = YES;
				CLANG_WARN_DIRECT_OBJC_ISA_USAGE = YES_ERROR;
				CLANG_WARN_DOCUMENTATION_COMMENTS = YES;
				CLANG_WARN_EMPTY_BODY = YES;
				CLANG_WARN_ENUM_CONVERSION = YES;
				CLANG_WARN_INFINITE_RECURSION = YES;
				CLANG_WARN_INT_CONVERSION = YES;
				CLANG_WARN_NON_LITERAL_NULL_CONVERSION = YES;
				CLANG_WARN_OBJC_IMPLICIT_RETAIN_SELF = YES;
				CLANG_WARN_OBJC_LITERAL_CONVERSION = YES;
				CLANG_WARN_OBJC_ROOT_CLASS = YES_ERROR;
				CLANG_WARN_QUOTED_INCLUDE_IN_FRAMEWORK_HEADER = YES;
				CLANG_WARN_RANGE_LOOP_ANALYSIS = YES;
				CLANG_WARN_STRICT_PROTOTYPES = YES;
				CLANG_WARN_SUSPICIOUS_MOVE = YES;
				CLANG_WARN_UNGUARDED_AVAILABILITY = YES_AGGRESSIVE;
				CLANG_WARN_UNREACHABLE_CODE = YES;
				CLANG_WARN__DUPLICATE_METHOD_MATCH = YES;
				COPY_PHASE_STRIP = NO;
				DEBUG_INFORMATION_FORMAT = "dwarf-with-dsym";
				ENABLE_NS_ASSERTIONS = NO;
				ENABLE_STRICT_OBJC_MSGSEND = YES;
				GCC_C_LANGUAGE_STANDARD = gnu11;
				GCC_NO_COMMON_BLOCKS = YES;
				GCC_WARN_64_TO_32_BIT_CONVERSION = YES;
				GCC_WARN_ABOUT_RETURN_TYPE = YES_ERROR;
				GCC_WARN_UNDECLARED_SELECTOR = YES;
				GCC_WARN_UNINITIALIZED_AUTOS = YES_AGGRESSIVE;
				GCC_WARN_UNUSED_FUNCTION = YES;
				GCC_WARN_UNUSED_VARIABLE = YES;
				IPHONEOS_DEPLOYMENT_TARGET = 14.5;
				MTL_ENABLE_DEBUG_INFO = NO;
				MTL_FAST_MATH = YES;
				SDKROOT = iphoneos;
				SWIFT_COMPILATION_MODE = wholemodule;
				SWIFT_OPTIMIZATION_LEVEL = "-O";
				VALIDATE_PRODUCT = YES;
			};
			name = Release;
		};
		961834D526854E420096486D /* Debug */ = {
			isa = XCBuildConfiguration;
			buildSettings = {
				ASSETCATALOG_COMPILER_APPICON_NAME = AppIcon;
				ASSETCATALOG_COMPILER_GLOBAL_ACCENT_COLOR_NAME = AccentColor;
				CODE_SIGN_STYLE = Automatic;
				DEVELOPMENT_ASSET_PATHS = "\"MasteredTicTacToe/Preview Content\"";
				DEVELOPMENT_TEAM = PLP3792JN4;
				ENABLE_PREVIEWS = YES;
				INFOPLIST_FILE = MasteredTicTacToe/Info.plist;
				IPHONEOS_DEPLOYMENT_TARGET = 14.0;
				LD_RUNPATH_SEARCH_PATHS = (
					"$(inherited)",
					"@executable_path/Frameworks",
				);
				PRODUCT_BUNDLE_IDENTIFIER = com.dicoding.academy.MasteredTicTacToe;
				PRODUCT_NAME = "$(TARGET_NAME)";
				SWIFT_VERSION = 5.0;
				TARGETED_DEVICE_FAMILY = "1,2";
			};
			name = Debug;
		};
		961834D626854E420096486D /* Release */ = {
			isa = XCBuildConfiguration;
			buildSettings = {
				ASSETCATALOG_COMPILER_APPICON_NAME = AppIcon;
				ASSETCATALOG_COMPILER_GLOBAL_ACCENT_COLOR_NAME = AccentColor;
				CODE_SIGN_STYLE = Automatic;
				DEVELOPMENT_ASSET_PATHS = "\"MasteredTicTacToe/Preview Content\"";
				DEVELOPMENT_TEAM = PLP3792JN4;
				ENABLE_PREVIEWS = YES;
				INFOPLIST_FILE = MasteredTicTacToe/Info.plist;
				IPHONEOS_DEPLOYMENT_TARGET = 14.0;
				LD_RUNPATH_SEARCH_PATHS = (
					"$(inherited)",
					"@executable_path/Frameworks",
				);
				PRODUCT_BUNDLE_IDENTIFIER = com.dicoding.academy.MasteredTicTacToe;
				PRODUCT_NAME = "$(TARGET_NAME)";
				SWIFT_VERSION = 5.0;
				TARGETED_DEVICE_FAMILY = "1,2";
			};
			name = Release;
		};
		961834D826854E430096486D /* Debug */ = {
			isa = XCBuildConfiguration;
			buildSettings = {
				ALWAYS_EMBED_SWIFT_STANDARD_LIBRARIES = YES;
				BUNDLE_LOADER = "$(TEST_HOST)";
				CODE_SIGN_STYLE = Automatic;
				DEVELOPMENT_TEAM = PLP3792JN4;
				INFOPLIST_FILE = MasteredTicTacToeTests/Info.plist;
				IPHONEOS_DEPLOYMENT_TARGET = 14.0;
				LD_RUNPATH_SEARCH_PATHS = (
					"$(inherited)",
					"@executable_path/Frameworks",
					"@loader_path/Frameworks",
				);
				PRODUCT_BUNDLE_IDENTIFIER = com.dicoding.academy.MasteredTicTacToeTests;
				PRODUCT_NAME = "$(TARGET_NAME)";
				SWIFT_VERSION = 5.0;
				TARGETED_DEVICE_FAMILY = "1,2";
				TEST_HOST = "$(BUILT_PRODUCTS_DIR)/MasteredTicTacToe.app/MasteredTicTacToe";
			};
			name = Debug;
		};
		961834D926854E430096486D /* Release */ = {
			isa = XCBuildConfiguration;
			buildSettings = {
				ALWAYS_EMBED_SWIFT_STANDARD_LIBRARIES = YES;
				BUNDLE_LOADER = "$(TEST_HOST)";
				CODE_SIGN_STYLE = Automatic;
				DEVELOPMENT_TEAM = PLP3792JN4;
				INFOPLIST_FILE = MasteredTicTacToeTests/Info.plist;
				IPHONEOS_DEPLOYMENT_TARGET = 14.0;
				LD_RUNPATH_SEARCH_PATHS = (
					"$(inherited)",
					"@executable_path/Frameworks",
					"@loader_path/Frameworks",
				);
				PRODUCT_BUNDLE_IDENTIFIER = com.dicoding.academy.MasteredTicTacToeTests;
				PRODUCT_NAME = "$(TARGET_NAME)";
				SWIFT_VERSION = 5.0;
				TARGETED_DEVICE_FAMILY = "1,2";
				TEST_HOST = "$(BUILT_PRODUCTS_DIR)/MasteredTicTacToe.app/MasteredTicTacToe";
			};
			name = Release;
		};
		961834DB26854E430096486D /* Debug */ = {
			isa = XCBuildConfiguration;
			buildSettings = {
				ALWAYS_EMBED_SWIFT_STANDARD_LIBRARIES = YES;
				CODE_SIGN_STYLE = Automatic;
				DEVELOPMENT_TEAM = PLP3792JN4;
				INFOPLIST_FILE = MasteredTicTacToeUITests/Info.plist;
				LD_RUNPATH_SEARCH_PATHS = (
					"$(inherited)",
					"@executable_path/Frameworks",
					"@loader_path/Frameworks",
				);
				PRODUCT_BUNDLE_IDENTIFIER = com.dicoding.academy.MasteredTicTacToeUITests;
				PRODUCT_NAME = "$(TARGET_NAME)";
				SWIFT_VERSION = 5.0;
				TARGETED_DEVICE_FAMILY = "1,2";
				TEST_TARGET_NAME = MasteredTicTacToe;
			};
			name = Debug;
		};
		961834DC26854E430096486D /* Release */ = {
			isa = XCBuildConfiguration;
			buildSettings = {
				ALWAYS_EMBED_SWIFT_STANDARD_LIBRARIES = YES;
				CODE_SIGN_STYLE = Automatic;
				DEVELOPMENT_TEAM = PLP3792JN4;
				INFOPLIST_FILE = MasteredTicTacToeUITests/Info.plist;
				LD_RUNPATH_SEARCH_PATHS = (
					"$(inherited)",
					"@executable_path/Frameworks",
					"@loader_path/Frameworks",
				);
				PRODUCT_BUNDLE_IDENTIFIER = com.dicoding.academy.MasteredTicTacToeUITests;
				PRODUCT_NAME = "$(TARGET_NAME)";
				SWIFT_VERSION = 5.0;
				TARGETED_DEVICE_FAMILY = "1,2";
				TEST_TARGET_NAME = MasteredTicTacToe;
			};
			name = Release;
		};
/* End XCBuildConfiguration section */

/* Begin XCConfigurationList section */
		961834AA26854E410096486D /* Build configuration list for PBXProject "MasteredTicTacToe" */ = {
			isa = XCConfigurationList;
			buildConfigurations = (
				961834D226854E420096486D /* Debug */,
				961834D326854E420096486D /* Release */,
			);
			defaultConfigurationIsVisible = 0;
			defaultConfigurationName = Release;
		};
		961834D426854E420096486D /* Build configuration list for PBXNativeTarget "MasteredTicTacToe" */ = {
			isa = XCConfigurationList;
			buildConfigurations = (
				961834D526854E420096486D /* Debug */,
				961834D626854E420096486D /* Release */,
			);
			defaultConfigurationIsVisible = 0;
			defaultConfigurationName = Release;
		};
		961834D726854E430096486D /* Build configuration list for PBXNativeTarget "MasteredTicTacToeTests" */ = {
			isa = XCConfigurationList;
			buildConfigurations = (
				961834D826854E430096486D /* Debug */,
				961834D926854E430096486D /* Release */,
			);
			defaultConfigurationIsVisible = 0;
			defaultConfigurationName = Release;
		};
		961834DA26854E430096486D /* Build configuration list for PBXNativeTarget "MasteredTicTacToeUITests" */ = {
			isa = XCConfigurationList;
			buildConfigurations = (
				961834DB26854E430096486D /* Debug */,
				961834DC26854E430096486D /* Release */,
			);
			defaultConfigurationIsVisible = 0;
			defaultConfigurationName = Release;
		};
/* End XCConfigurationList section */
	};
	rootObject = 961834A726854E410096486D /* Project object */;
}
